// !$*UTF8*$!
{
	archiveVersion = 1;
	classes = {
	};
	objectVersion = 55;
	objects = {

/* Begin PBXBuildFile section */
		A10E9CBD29BCB42000FE55B7 /* AnimatedButton.swift in Sources */ = {isa = PBXBuildFile; fileRef = A10E9CBC29BCB41F00FE55B7 /* AnimatedButton.swift */; };
		A10E9CBF29BCD5B500FE55B7 /* SignInButton.swift in Sources */ = {isa = PBXBuildFile; fileRef = A10E9CBE29BCD5B200FE55B7 /* SignInButton.swift */; };
		A10E9CC129BDBF2300FE55B7 /* TransitionButton.swift in Sources */ = {isa = PBXBuildFile; fileRef = A10E9CC029BDBF2300FE55B7 /* TransitionButton.swift */; };
		A115B37D29AB437300EB5A72 /* LoginFlowController.swift in Sources */ = {isa = PBXBuildFile; fileRef = A115B37C29AB437300EB5A72 /* LoginFlowController.swift */; };
		A115B38329AC32B100EB5A72 /* SettingViewModel.swift in Sources */ = {isa = PBXBuildFile; fileRef = A115B38229AC32B100EB5A72 /* SettingViewModel.swift */; };
		A115B38629AC64DA00EB5A72 /* AuthError.swift in Sources */ = {isa = PBXBuildFile; fileRef = A115B38529AC64DA00EB5A72 /* AuthError.swift */; };
		A13822C429AA38DD004FD6A1 /* AuthStatePublisher.swift in Sources */ = {isa = PBXBuildFile; fileRef = A13822C329AA38DC004FD6A1 /* AuthStatePublisher.swift */; };
		A13E2E9429B8DC530039B640 /* UserDefaults Extension.swift in Sources */ = {isa = PBXBuildFile; fileRef = A13E2E9329B8DC530039B640 /* UserDefaults Extension.swift */; };
		A141799A2999CD980097FD21 /* AppDelegate.swift in Sources */ = {isa = PBXBuildFile; fileRef = A14179992999CD980097FD21 /* AppDelegate.swift */; };
		A141799C2999CD980097FD21 /* SceneDelegate.swift in Sources */ = {isa = PBXBuildFile; fileRef = A141799B2999CD980097FD21 /* SceneDelegate.swift */; };
		A14179A32999CDA20097FD21 /* Assets.xcassets in Resources */ = {isa = PBXBuildFile; fileRef = A14179A22999CDA20097FD21 /* Assets.xcassets */; };
		A14179A62999CDA20097FD21 /* LaunchScreen.storyboard in Resources */ = {isa = PBXBuildFile; fileRef = A14179A42999CDA20097FD21 /* LaunchScreen.storyboard */; };
		A14179B62999D1DE0097FD21 /* HYwulM.ttf in Resources */ = {isa = PBXBuildFile; fileRef = A14179B42999D1DC0097FD21 /* HYwulM.ttf */; };
		A14179B72999D1DF0097FD21 /* 華康新綜藝體W5(P).ttf in Resources */ = {isa = PBXBuildFile; fileRef = A14179B52999D1DD0097FD21 /* 華康新綜藝體W5(P).ttf */; };
		A14599A429B48F0100F4409E /* PhoneNumberField.swift in Sources */ = {isa = PBXBuildFile; fileRef = A14599A329B48F0100F4409E /* PhoneNumberField.swift */; };
		A14599A629B5015C00F4409E /* Country.swift in Sources */ = {isa = PBXBuildFile; fileRef = A14599A529B5015B00F4409E /* Country.swift */; };
		A14599B029B5C0A700F4409E /* CountryPickerViewController.swift in Sources */ = {isa = PBXBuildFile; fileRef = A14599AF29B5C0A600F4409E /* CountryPickerViewController.swift */; };
		A14BF71429BF0DB0001E0F4B /* SpinningLayer.swift in Sources */ = {isa = PBXBuildFile; fileRef = A14BF71329BF0DB0001E0F4B /* SpinningLayer.swift */; };
		A14BF71629BF0FCA001E0F4B /* CheckmarkLayer.swift in Sources */ = {isa = PBXBuildFile; fileRef = A14BF71529BF0FCA001E0F4B /* CheckmarkLayer.swift */; };
		A14BF71A29C0422E001E0F4B /* SendSMSButton.swift in Sources */ = {isa = PBXBuildFile; fileRef = A14BF71929C0422E001E0F4B /* SendSMSButton.swift */; };
		A14BF71C29C1DB49001E0F4B /* MainFlowController.swift in Sources */ = {isa = PBXBuildFile; fileRef = A14BF71B29C1DB48001E0F4B /* MainFlowController.swift */; };
		A14BF71E29C1E833001E0F4B /* SettingFlowController.swift in Sources */ = {isa = PBXBuildFile; fileRef = A14BF71D29C1E833001E0F4B /* SettingFlowController.swift */; };
		A14D7ACF29CFD35A00FDA88B /* MediaView.swift in Sources */ = {isa = PBXBuildFile; fileRef = A14D7ACE29CFD35900FDA88B /* MediaView.swift */; };
		A14D7AD329CFD4E500FDA88B /* MediaView.xib in Resources */ = {isa = PBXBuildFile; fileRef = A14D7AD229CFD4E500FDA88B /* MediaView.xib */; };
		A175DE5129C3ED3A00A0C092 /* PostFlowController.swift in Sources */ = {isa = PBXBuildFile; fileRef = A175DE5029C3ED3A00A0C092 /* PostFlowController.swift */; };
		A175DE5329C3ED5800A0C092 /* PostManager.swift in Sources */ = {isa = PBXBuildFile; fileRef = A175DE5229C3ED5800A0C092 /* PostManager.swift */; };
		A175DE5529C3EE3800A0C092 /* Post.swift in Sources */ = {isa = PBXBuildFile; fileRef = A175DE5429C3EE3800A0C092 /* Post.swift */; };
		A175DE9929C5469A00A0C092 /* GridView.swift in Sources */ = {isa = PBXBuildFile; fileRef = A175DE9829C5469900A0C092 /* GridView.swift */; };
		A175DE9D29C5E87100A0C092 /* PostCell.xib in Resources */ = {isa = PBXBuildFile; fileRef = A175DE9B29C5E87000A0C092 /* PostCell.xib */; };
		A175DE9F29C814E000A0C092 /* LargeTapAreaButton.swift in Sources */ = {isa = PBXBuildFile; fileRef = A175DE9E29C814DF00A0C092 /* LargeTapAreaButton.swift */; };
		A176AB6F29B5C2A2008F4030 /* CountryPickerViewModel.swift in Sources */ = {isa = PBXBuildFile; fileRef = A176AB6E29B5C2A2008F4030 /* CountryPickerViewModel.swift */; };
		A176AB7529B5CEA4008F4030 /* SettingViewController.swift in Sources */ = {isa = PBXBuildFile; fileRef = A176AB7329B5CEA4008F4030 /* SettingViewController.swift */; };
		A176AB7629B5CEA4008F4030 /* SettingViewController.xib in Resources */ = {isa = PBXBuildFile; fileRef = A176AB7429B5CEA4008F4030 /* SettingViewController.xib */; };
		A176AB7829B5D8F8008F4030 /* CountryCellViewModel.swift in Sources */ = {isa = PBXBuildFile; fileRef = A176AB7729B5D8F7008F4030 /* CountryCellViewModel.swift */; };
		A176AB7A29B5DFAB008F4030 /* CountryCell.swift in Sources */ = {isa = PBXBuildFile; fileRef = A176AB7929B5DFAB008F4030 /* CountryCell.swift */; };
		A176AB7D29B70FC3008F4030 /* Country Code.txt in Resources */ = {isa = PBXBuildFile; fileRef = A176AB7C29B70FC2008F4030 /* Country Code.txt */; };
		A181B9B129D517E800945ED4 /* VidLoader.swift in Sources */ = {isa = PBXBuildFile; fileRef = A181B9B029D517E800945ED4 /* VidLoader.swift */; };
		A181B9B329D528B700945ED4 /* MediaProvider.swift in Sources */ = {isa = PBXBuildFile; fileRef = A181B9B229D528B700945ED4 /* MediaProvider.swift */; };
		A199DFA529CBF24F0071C568 /* SpinningView.swift in Sources */ = {isa = PBXBuildFile; fileRef = A199DFA429CBF24F0071C568 /* SpinningView.swift */; };
		A1A71A122999E3FB00876973 /* LaunchViewController.swift in Sources */ = {isa = PBXBuildFile; fileRef = A1A71A082999E3FA00876973 /* LaunchViewController.swift */; };
		A1A71A132999E3FB00876973 /* VerificationCodeField.swift in Sources */ = {isa = PBXBuildFile; fileRef = A1A71A092999E3FA00876973 /* VerificationCodeField.swift */; };
		A1A71A142999E3FB00876973 /* LoginViewController.xib in Resources */ = {isa = PBXBuildFile; fileRef = A1A71A0A2999E3FA00876973 /* LoginViewController.xib */; };
		A1A71A152999E3FB00876973 /* LoginViewController.swift in Sources */ = {isa = PBXBuildFile; fileRef = A1A71A0B2999E3FA00876973 /* LoginViewController.swift */; };
		A1A71A162999E3FB00876973 /* UIViewController extension.swift in Sources */ = {isa = PBXBuildFile; fileRef = A1A71A0D2999E3FB00876973 /* UIViewController extension.swift */; };
		A1A71A172999E3FB00876973 /* UIColor extension.swift in Sources */ = {isa = PBXBuildFile; fileRef = A1A71A0E2999E3FB00876973 /* UIColor extension.swift */; };
		A1A71A182999E3FB00876973 /* AppFlowController.swift in Sources */ = {isa = PBXBuildFile; fileRef = A1A71A0F2999E3FB00876973 /* AppFlowController.swift */; };
		A1A71A1A2999E3FB00876973 /* LaunchViewController.xib in Resources */ = {isa = PBXBuildFile; fileRef = A1A71A112999E3FB00876973 /* LaunchViewController.xib */; };
		A1A71A1C2999E44400876973 /* LogoView.swift in Sources */ = {isa = PBXBuildFile; fileRef = A1A71A1B2999E44300876973 /* LogoView.swift */; };
		A1A71A24299A3CB700876973 /* DownSizeImage.swift in Sources */ = {isa = PBXBuildFile; fileRef = A1A71A23299A3CB600876973 /* DownSizeImage.swift */; };
		A1E19BD1299CABA4000354BE /* UIResponder Extension.swift in Sources */ = {isa = PBXBuildFile; fileRef = A1E19BD0299CABA4000354BE /* UIResponder Extension.swift */; };
		A1E19BD3299CB456000354BE /* UIControl Publisher.swift in Sources */ = {isa = PBXBuildFile; fileRef = A1E19BD2299CB455000354BE /* UIControl Publisher.swift */; };
		A1E19BD5299E362A000354BE /* GoogleService-Info.plist in Resources */ = {isa = PBXBuildFile; fileRef = A1E19BD4299E3629000354BE /* GoogleService-Info.plist */; };
		A1FE4641299E445200319CEC /* AuthManager.swift in Sources */ = {isa = PBXBuildFile; fileRef = A1FE4640299E445100319CEC /* AuthManager.swift */; };
		A1FE4643299E453700319CEC /* SignInViewModel.swift in Sources */ = {isa = PBXBuildFile; fileRef = A1FE4642299E453700319CEC /* SignInViewModel.swift */; };
		A1FE4645299E45F000319CEC /* Combine Extension.swift in Sources */ = {isa = PBXBuildFile; fileRef = A1FE4644299E45F000319CEC /* Combine Extension.swift */; };
		BF57853383AF140C3582559E /* Pods_Aiba_Digital.framework in Frameworks */ = {isa = PBXBuildFile; fileRef = 6D0994E40CE3982F6FF6C909 /* Pods_Aiba_Digital.framework */; };
		E800DDC12A272A1000C34F48 /* MediaPickerViewController.swift in Sources */ = {isa = PBXBuildFile; fileRef = E800DDBF2A272A1000C34F48 /* MediaPickerViewController.swift */; };
		E800DDC22A272A1000C34F48 /* MediaPickerViewController.xib in Resources */ = {isa = PBXBuildFile; fileRef = E800DDC02A272A1000C34F48 /* MediaPickerViewController.xib */; };
		E800DDC62A28739A00C34F48 /* BunnyService-Info.plist in Resources */ = {isa = PBXBuildFile; fileRef = E800DDC52A28739A00C34F48 /* BunnyService-Info.plist */; };
		E80D26E12A569265003CEB95 /* AccountManager.swift in Sources */ = {isa = PBXBuildFile; fileRef = E80D26E02A569265003CEB95 /* AccountManager.swift */; };
		E80D26E32A573049003CEB95 /* MemberSignInViewModel.swift in Sources */ = {isa = PBXBuildFile; fileRef = E80D26E22A573049003CEB95 /* MemberSignInViewModel.swift */; };
		E80D26E52A5915C6003CEB95 /* DeepLink.swift in Sources */ = {isa = PBXBuildFile; fileRef = E80D26E42A5915C6003CEB95 /* DeepLink.swift */; };
		E81409D02A0898BC00E64826 /* MediaScrollView.swift in Sources */ = {isa = PBXBuildFile; fileRef = E81409CF2A0898BC00E64826 /* MediaScrollView.swift */; };
		E81409D22A08A03D00E64826 /* ImageScrollView.swift in Sources */ = {isa = PBXBuildFile; fileRef = E81409D12A08A03D00E64826 /* ImageScrollView.swift */; };
		E81409D62A0936E000E64826 /* PageCollectionViewLayout.swift in Sources */ = {isa = PBXBuildFile; fileRef = E81409D52A0936E000E64826 /* PageCollectionViewLayout.swift */; };
		E81409D92A09DA1000E64826 /* MediaDetailViewController.swift in Sources */ = {isa = PBXBuildFile; fileRef = E81409D72A09DA1000E64826 /* MediaDetailViewController.swift */; };
		E81409DA2A09DA1000E64826 /* MediaDetailViewController.xib in Resources */ = {isa = PBXBuildFile; fileRef = E81409D82A09DA1000E64826 /* MediaDetailViewController.xib */; };
		E822F9F72A359799009F90EF /* TestCompressor.swift in Sources */ = {isa = PBXBuildFile; fileRef = E822F9F62A359799009F90EF /* TestCompressor.swift */; };
		E823AFC52A42A19600DF7172 /* EditAccessoryView.swift in Sources */ = {isa = PBXBuildFile; fileRef = E823AFC42A42A19600DF7172 /* EditAccessoryView.swift */; };
		E823AFC72A42A1AA00DF7172 /* EditAccessoryView.xib in Resources */ = {isa = PBXBuildFile; fileRef = E823AFC62A42A1AA00DF7172 /* EditAccessoryView.xib */; };
		E82A0A272A17BF390040A7B2 /* TODO.swift in Sources */ = {isa = PBXBuildFile; fileRef = E82A0A252A17BF390040A7B2 /* TODO.swift */; };
		E82A0A282A17BF390040A7B2 /* TODO.xib in Resources */ = {isa = PBXBuildFile; fileRef = E82A0A262A17BF390040A7B2 /* TODO.xib */; };
		E82A0A2E2A1883200040A7B2 /* VideoSlider.swift in Sources */ = {isa = PBXBuildFile; fileRef = E82A0A2D2A1883200040A7B2 /* VideoSlider.swift */; };
		E837DB542A4978F7004F4248 /* MediaViewModel.swift in Sources */ = {isa = PBXBuildFile; fileRef = E837DB532A4978F7004F4248 /* MediaViewModel.swift */; };
		E83E007C2A49ABAA00138E6C /* ShopViewController.swift in Sources */ = {isa = PBXBuildFile; fileRef = E83E007A2A49ABAA00138E6C /* ShopViewController.swift */; };
		E83E007D2A49ABAA00138E6C /* ShopViewController.xib in Resources */ = {isa = PBXBuildFile; fileRef = E83E007B2A49ABAA00138E6C /* ShopViewController.xib */; };
		E83E007F2A49BDD300138E6C /* ShopifyQueries.swift in Sources */ = {isa = PBXBuildFile; fileRef = E83E007E2A49BDD300138E6C /* ShopifyQueries.swift */; };
		E845FCF42A4EA647000BDF87 /* BunnyVideoLoader.swift in Sources */ = {isa = PBXBuildFile; fileRef = E8556F422A4E8ECA008A782F /* BunnyVideoLoader.swift */; };
		E84683A02A3ED39600D4FE12 /* ShopFlowController.swift in Sources */ = {isa = PBXBuildFile; fileRef = E846839F2A3ED39600D4FE12 /* ShopFlowController.swift */; };
		E84683A92A3FF72700D4FE12 /* EditPostViewController.swift in Sources */ = {isa = PBXBuildFile; fileRef = E84683A72A3FF72700D4FE12 /* EditPostViewController.swift */; };
		E84683AA2A3FF72700D4FE12 /* EditPostViewController.xib in Resources */ = {isa = PBXBuildFile; fileRef = E84683A82A3FF72700D4FE12 /* EditPostViewController.xib */; };
		E84683AE2A400D4900D4FE12 /* ContainerViewController.swift in Sources */ = {isa = PBXBuildFile; fileRef = E84683AD2A400D4900D4FE12 /* ContainerViewController.swift */; };
		E84683B02A408AB200D4FE12 /* EditPostViewModel.swift in Sources */ = {isa = PBXBuildFile; fileRef = E84683AF2A408AB200D4FE12 /* EditPostViewModel.swift */; };
		E84993B62A42E0AE0009DBD8 /* PhotoPickerInputViewController.swift in Sources */ = {isa = PBXBuildFile; fileRef = E84993B42A42E0AE0009DBD8 /* PhotoPickerInputViewController.swift */; };
		E84993B92A43E2490009DBD8 /* SelfSizingCollectionView.swift in Sources */ = {isa = PBXBuildFile; fileRef = E84993B82A43E2490009DBD8 /* SelfSizingCollectionView.swift */; };
		E84993BB2A4457480009DBD8 /* UICollectionViewLayout extension.swift in Sources */ = {isa = PBXBuildFile; fileRef = E84993BA2A4457480009DBD8 /* UICollectionViewLayout extension.swift */; };
		E84993BE2A45455F0009DBD8 /* MediaPickerPreviewCell.swift in Sources */ = {isa = PBXBuildFile; fileRef = E84993BC2A45455F0009DBD8 /* MediaPickerPreviewCell.swift */; };
		E84993BF2A45455F0009DBD8 /* MediaPickerPreviewCell.xib in Resources */ = {isa = PBXBuildFile; fileRef = E84993BD2A45455F0009DBD8 /* MediaPickerPreviewCell.xib */; };
		E84993C12A46CD990009DBD8 /* PhotoPickerInputViewController.xib in Resources */ = {isa = PBXBuildFile; fileRef = E84993C02A46CD990009DBD8 /* PhotoPickerInputViewController.xib */; };
		E84993C32A471A070009DBD8 /* CollectionViewBackgroundView.xib in Resources */ = {isa = PBXBuildFile; fileRef = E84993C22A471A070009DBD8 /* CollectionViewBackgroundView.xib */; };
		E84993C52A471C1C0009DBD8 /* CustomDashedView.swift in Sources */ = {isa = PBXBuildFile; fileRef = E84993C42A471C1C0009DBD8 /* CustomDashedView.swift */; };
		E84993C82A473BC80009DBD8 /* UploadPostViewController.swift in Sources */ = {isa = PBXBuildFile; fileRef = E84993C62A473BC80009DBD8 /* UploadPostViewController.swift */; };
		E84993C92A473BC80009DBD8 /* UploadPostViewController.xib in Resources */ = {isa = PBXBuildFile; fileRef = E84993C72A473BC80009DBD8 /* UploadPostViewController.xib */; };
		E84993CB2A47551E0009DBD8 /* UITextView Extension.swift in Sources */ = {isa = PBXBuildFile; fileRef = E84993CA2A47551E0009DBD8 /* UITextView Extension.swift */; };
		E84A29642A1A571700BC94D5 /* AutoCenterScrollView.swift in Sources */ = {isa = PBXBuildFile; fileRef = E84A29632A1A571700BC94D5 /* AutoCenterScrollView.swift */; };
		E84A29672A1B19DD00BC94D5 /* PostFeedViewController.swift in Sources */ = {isa = PBXBuildFile; fileRef = E84A29652A1B19DD00BC94D5 /* PostFeedViewController.swift */; };
		E84A29682A1B19DD00BC94D5 /* PostFeedViewController.xib in Resources */ = {isa = PBXBuildFile; fileRef = E84A29662A1B19DD00BC94D5 /* PostFeedViewController.xib */; };
		E84A296A2A1B2CA200BC94D5 /* FeedViewModel.swift in Sources */ = {isa = PBXBuildFile; fileRef = E84A29692A1B2CA200BC94D5 /* FeedViewModel.swift */; };
		E84A296F2A1C97FD00BC94D5 /* PostMediaCell.swift in Sources */ = {isa = PBXBuildFile; fileRef = E84A296D2A1C97FD00BC94D5 /* PostMediaCell.swift */; };
		E84A29702A1C97FD00BC94D5 /* PostMediaCell.xib in Resources */ = {isa = PBXBuildFile; fileRef = E84A296E2A1C97FD00BC94D5 /* PostMediaCell.xib */; };
		E84A29732A1C9A9C00BC94D5 /* PhotoPreviewCell.swift in Sources */ = {isa = PBXBuildFile; fileRef = E84A29712A1C9A9C00BC94D5 /* PhotoPreviewCell.swift */; };
		E84A29742A1C9A9C00BC94D5 /* PhotoPreviewCell.xib in Resources */ = {isa = PBXBuildFile; fileRef = E84A29722A1C9A9C00BC94D5 /* PhotoPreviewCell.xib */; };
		E84A297E2A1D195D00BC94D5 /* PostMediaViewModel.swift in Sources */ = {isa = PBXBuildFile; fileRef = E84A297D2A1D195D00BC94D5 /* PostMediaViewModel.swift */; };
		E84A29812A1DF0A400BC94D5 /* VideoPreviewCell.swift in Sources */ = {isa = PBXBuildFile; fileRef = E84A297F2A1DF0A400BC94D5 /* VideoPreviewCell.swift */; };
		E84A29822A1DF0A400BC94D5 /* VideoPreviewCell.xib in Resources */ = {isa = PBXBuildFile; fileRef = E84A29802A1DF0A400BC94D5 /* VideoPreviewCell.xib */; };
		E8556F3C2A4DDE53008A782F /* TestViewController.swift in Sources */ = {isa = PBXBuildFile; fileRef = E8556F3A2A4DDE53008A782F /* TestViewController.swift */; };
		E8556F3D2A4DDE53008A782F /* TestViewController.xib in Resources */ = {isa = PBXBuildFile; fileRef = E8556F3B2A4DDE53008A782F /* TestViewController.xib */; };
		E8556F412A4E6E8E008A782F /* BunnyImageLoader.swift in Sources */ = {isa = PBXBuildFile; fileRef = E8556F402A4E6E8E008A782F /* BunnyImageLoader.swift */; };
		E8556F452A4E96C9008A782F /* BunnyImageUploader.swift in Sources */ = {isa = PBXBuildFile; fileRef = E8556F442A4E96C9008A782F /* BunnyImageUploader.swift */; };
		E8556F472A4E98F7008A782F /* BunnyVideoUploader.swift in Sources */ = {isa = PBXBuildFile; fileRef = E8556F462A4E98F7008A782F /* BunnyVideoUploader.swift */; };
		E85ED3B529F422F8008070B9 /* TTViewController.swift in Sources */ = {isa = PBXBuildFile; fileRef = E85ED3B429F422F8008070B9 /* TTViewController.swift */; };
		E86B370C2A16FF5700FE2251 /* ShowMoreLabel.swift in Sources */ = {isa = PBXBuildFile; fileRef = E86B370B2A16FF5700FE2251 /* ShowMoreLabel.swift */; };
		E86E543929DDB58F008A3855 /* MMediaCell.swift in Sources */ = {isa = PBXBuildFile; fileRef = E86E543729DDB58F008A3855 /* MMediaCell.swift */; };
		E86E544029DDBD1B008A3855 /* PostHeaderCell.swift in Sources */ = {isa = PBXBuildFile; fileRef = E86E543E29DDBD1B008A3855 /* PostHeaderCell.swift */; };
		E86E544129DDBD1B008A3855 /* PostHeaderCell.xib in Resources */ = {isa = PBXBuildFile; fileRef = E86E543F29DDBD1B008A3855 /* PostHeaderCell.xib */; };
		E86E544429DDBDB5008A3855 /* PostTextCell.swift in Sources */ = {isa = PBXBuildFile; fileRef = E86E544229DDBDB5008A3855 /* PostTextCell.swift */; };
		E86E544529DDBDB5008A3855 /* PostTextCell.xib in Resources */ = {isa = PBXBuildFile; fileRef = E86E544329DDBDB5008A3855 /* PostTextCell.xib */; };
		E86E544829DDBEB0008A3855 /* PostActionCell.swift in Sources */ = {isa = PBXBuildFile; fileRef = E86E544629DDBEB0008A3855 /* PostActionCell.swift */; };
		E86E544929DDBEB0008A3855 /* PostActionCell.xib in Resources */ = {isa = PBXBuildFile; fileRef = E86E544729DDBEB0008A3855 /* PostActionCell.xib */; };
		E8738A5E2A137B9B001A8F8A /* ScrollIndicator.swift in Sources */ = {isa = PBXBuildFile; fileRef = E8738A5D2A137B9B001A8F8A /* ScrollIndicator.swift */; };
		E87EE34B2A21DA4200EBD988 /* PostFeedViewModel.swift in Sources */ = {isa = PBXBuildFile; fileRef = E87EE34A2A21DA4200EBD988 /* PostFeedViewModel.swift */; };
		E8856CE72A29A995004A5D69 /* MediaPickerCell.swift in Sources */ = {isa = PBXBuildFile; fileRef = E8856CE52A29A995004A5D69 /* MediaPickerCell.swift */; };
		E8856CE82A29A995004A5D69 /* MediaPickerCell.xib in Resources */ = {isa = PBXBuildFile; fileRef = E8856CE62A29A995004A5D69 /* MediaPickerCell.xib */; };
		E8856CEA2A29B22E004A5D69 /* MediaPickerViewModel.swift in Sources */ = {isa = PBXBuildFile; fileRef = E8856CE92A29B22E004A5D69 /* MediaPickerViewModel.swift */; };
		E8856CF42A29BFE8004A5D69 /* MediaPickerCellViewModel.swift in Sources */ = {isa = PBXBuildFile; fileRef = E8856CF32A29BFE8004A5D69 /* MediaPickerCellViewModel.swift */; };
		E8856CF92A2B935C004A5D69 /* MediaPicks.swift in Sources */ = {isa = PBXBuildFile; fileRef = E8856CF82A2B935C004A5D69 /* MediaPicks.swift */; };
		E8856D092A2F14B0004A5D69 /* VIdeoCompressor.swift in Sources */ = {isa = PBXBuildFile; fileRef = E8856D082A2F14B0004A5D69 /* VIdeoCompressor.swift */; };
		E89348FA2A22359B00F9B73C /* Member.swift in Sources */ = {isa = PBXBuildFile; fileRef = E89348F92A22359B00F9B73C /* Member.swift */; };
		E89348FC2A22367900F9B73C /* PostReplies.swift in Sources */ = {isa = PBXBuildFile; fileRef = E89348FB2A22367900F9B73C /* PostReplies.swift */; };
		E897538829E055C0002C820C /* FeedMediaViewModel.swift in Sources */ = {isa = PBXBuildFile; fileRef = E897538729E055C0002C820C /* FeedMediaViewModel.swift */; };
		E897538A29E055D9002C820C /* PostHeaderViewModel.swift in Sources */ = {isa = PBXBuildFile; fileRef = E897538929E055D9002C820C /* PostHeaderViewModel.swift */; };
		E897538C29E055F0002C820C /* PostActionViewModel.swift in Sources */ = {isa = PBXBuildFile; fileRef = E897538B29E055F0002C820C /* PostActionViewModel.swift */; };
		E897538E29E0562F002C820C /* PostTextViewModel.swift in Sources */ = {isa = PBXBuildFile; fileRef = E897538D29E0562F002C820C /* PostTextViewModel.swift */; };
		E89CEA072A0C7F37002A4CF1 /* VideoViewModel.swift in Sources */ = {isa = PBXBuildFile; fileRef = E89CEA062A0C7F37002A4CF1 /* VideoViewModel.swift */; };
		E89CEA0B2A0DBA8B002A4CF1 /* VideoView.swift in Sources */ = {isa = PBXBuildFile; fileRef = E89CEA0A2A0DBA8B002A4CF1 /* VideoView.swift */; };
		E89CEA132A0FBE64002A4CF1 /* SlideViewController.swift in Sources */ = {isa = PBXBuildFile; fileRef = E89CEA122A0FBE64002A4CF1 /* SlideViewController.swift */; };
		E89CEA152A0FEA6F002A4CF1 /* AVPlayer Publisher.swift in Sources */ = {isa = PBXBuildFile; fileRef = E89CEA142A0FEA6F002A4CF1 /* AVPlayer Publisher.swift */; };
		E89CEA172A111143002A4CF1 /* MediaDetailViewModel.swift in Sources */ = {isa = PBXBuildFile; fileRef = E89CEA162A111143002A4CF1 /* MediaDetailViewModel.swift */; };
		E89CEA1A2A11D191002A4CF1 /* VideoDetailCell.swift in Sources */ = {isa = PBXBuildFile; fileRef = E89CEA182A11D191002A4CF1 /* VideoDetailCell.swift */; };
		E89CEA1B2A11D191002A4CF1 /* VideoDetailCell.xib in Resources */ = {isa = PBXBuildFile; fileRef = E89CEA192A11D191002A4CF1 /* VideoDetailCell.xib */; };
		E89CEA252A1214AF002A4CF1 /* PhotoViewModel.swift in Sources */ = {isa = PBXBuildFile; fileRef = E89CEA242A1214AF002A4CF1 /* PhotoViewModel.swift */; };
		E89CEA282A121B6F002A4CF1 /* PhotoDetailCell.swift in Sources */ = {isa = PBXBuildFile; fileRef = E89CEA262A121B6F002A4CF1 /* PhotoDetailCell.swift */; };
		E89CEA292A121B6F002A4CF1 /* PhotoDetailCell.xib in Resources */ = {isa = PBXBuildFile; fileRef = E89CEA272A121B6F002A4CF1 /* PhotoDetailCell.xib */; };
		E8A8A32E2A245C76006731BE /* MediaAsset.swift in Sources */ = {isa = PBXBuildFile; fileRef = E8A8A32D2A245C76006731BE /* MediaAsset.swift */; };
		E8AD49E12A36EB9E00932CBD /* UploadPostViewModel.swift in Sources */ = {isa = PBXBuildFile; fileRef = E8AD49E02A36EB9E00932CBD /* UploadPostViewModel.swift */; };
		E8AD49E32A36EEF700932CBD /* MediaManager.swift in Sources */ = {isa = PBXBuildFile; fileRef = E8AD49E22A36EEF700932CBD /* MediaManager.swift */; };
		E8C1E4802A513033006E9C10 /* UIBarItem + Combine.swift in Sources */ = {isa = PBXBuildFile; fileRef = E8C1E47F2A513033006E9C10 /* UIBarItem + Combine.swift */; };
		E8C1E4822A51C884006E9C10 /* BunnyInfo.swift in Sources */ = {isa = PBXBuildFile; fileRef = E8C1E4812A51C884006E9C10 /* BunnyInfo.swift */; };
		E8C1E4852A53F47E006E9C10 /* FooterCell.swift in Sources */ = {isa = PBXBuildFile; fileRef = E8C1E4832A53F47E006E9C10 /* FooterCell.swift */; };
		E8C1E4862A53F47E006E9C10 /* FooterCell.xib in Resources */ = {isa = PBXBuildFile; fileRef = E8C1E4842A53F47E006E9C10 /* FooterCell.xib */; };
		E8C2347F2A14C86F00133138 /* TextViewController.swift in Sources */ = {isa = PBXBuildFile; fileRef = E8C2347D2A14C86F00133138 /* TextViewController.swift */; };
		E8C852F02A15AF3800D9A413 /* FadeTextView.swift in Sources */ = {isa = PBXBuildFile; fileRef = E8C852EF2A15AF3800D9A413 /* FadeTextView.swift */; };
		E8C852F22A16135300D9A413 /* UILabel Extension.swift in Sources */ = {isa = PBXBuildFile; fileRef = E8C852F12A16135300D9A413 /* UILabel Extension.swift */; };
		E8FC67C22A380CF400104693 /* ImageCompressor.swift in Sources */ = {isa = PBXBuildFile; fileRef = E8FC67C12A380CF400104693 /* ImageCompressor.swift */; };
		E8FC67C42A380D6800104693 /* ImageDownsampleOperation.swift in Sources */ = {isa = PBXBuildFile; fileRef = E8FC67C32A380D6800104693 /* ImageDownsampleOperation.swift */; };
/* End PBXBuildFile section */

/* Begin PBXFileReference section */
		37FF15B636310FE336FDA9BE /* Pods-Aiba Digital.release.xcconfig */ = {isa = PBXFileReference; includeInIndex = 1; lastKnownFileType = text.xcconfig; name = "Pods-Aiba Digital.release.xcconfig"; path = "Target Support Files/Pods-Aiba Digital/Pods-Aiba Digital.release.xcconfig"; sourceTree = "<group>"; };
		6D0994E40CE3982F6FF6C909 /* Pods_Aiba_Digital.framework */ = {isa = PBXFileReference; explicitFileType = wrapper.framework; includeInIndex = 0; path = Pods_Aiba_Digital.framework; sourceTree = BUILT_PRODUCTS_DIR; };
		9587998018E29B3645BF9A10 /* Pods-Aiba Digital.debug.xcconfig */ = {isa = PBXFileReference; includeInIndex = 1; lastKnownFileType = text.xcconfig; name = "Pods-Aiba Digital.debug.xcconfig"; path = "Target Support Files/Pods-Aiba Digital/Pods-Aiba Digital.debug.xcconfig"; sourceTree = "<group>"; };
		A10E9CBC29BCB41F00FE55B7 /* AnimatedButton.swift */ = {isa = PBXFileReference; lastKnownFileType = sourcecode.swift; path = AnimatedButton.swift; sourceTree = "<group>"; };
		A10E9CBE29BCD5B200FE55B7 /* SignInButton.swift */ = {isa = PBXFileReference; lastKnownFileType = sourcecode.swift; path = SignInButton.swift; sourceTree = "<group>"; };
		A10E9CC029BDBF2300FE55B7 /* TransitionButton.swift */ = {isa = PBXFileReference; lastKnownFileType = sourcecode.swift; path = TransitionButton.swift; sourceTree = "<group>"; };
		A115B37C29AB437300EB5A72 /* LoginFlowController.swift */ = {isa = PBXFileReference; lastKnownFileType = sourcecode.swift; path = LoginFlowController.swift; sourceTree = "<group>"; };
		A115B38229AC32B100EB5A72 /* SettingViewModel.swift */ = {isa = PBXFileReference; lastKnownFileType = sourcecode.swift; path = SettingViewModel.swift; sourceTree = "<group>"; };
		A115B38529AC64DA00EB5A72 /* AuthError.swift */ = {isa = PBXFileReference; lastKnownFileType = sourcecode.swift; path = AuthError.swift; sourceTree = "<group>"; };
		A13822C329AA38DC004FD6A1 /* AuthStatePublisher.swift */ = {isa = PBXFileReference; lastKnownFileType = sourcecode.swift; path = AuthStatePublisher.swift; sourceTree = "<group>"; };
		A13E2E9329B8DC530039B640 /* UserDefaults Extension.swift */ = {isa = PBXFileReference; lastKnownFileType = sourcecode.swift; path = "UserDefaults Extension.swift"; sourceTree = "<group>"; };
		A14179962999CD980097FD21 /* Aiba Digital.app */ = {isa = PBXFileReference; explicitFileType = wrapper.application; includeInIndex = 0; path = "Aiba Digital.app"; sourceTree = BUILT_PRODUCTS_DIR; };
		A14179992999CD980097FD21 /* AppDelegate.swift */ = {isa = PBXFileReference; lastKnownFileType = sourcecode.swift; path = AppDelegate.swift; sourceTree = "<group>"; };
		A141799B2999CD980097FD21 /* SceneDelegate.swift */ = {isa = PBXFileReference; lastKnownFileType = sourcecode.swift; path = SceneDelegate.swift; sourceTree = "<group>"; };
		A14179A22999CDA20097FD21 /* Assets.xcassets */ = {isa = PBXFileReference; lastKnownFileType = folder.assetcatalog; path = Assets.xcassets; sourceTree = "<group>"; };
		A14179A52999CDA20097FD21 /* Base */ = {isa = PBXFileReference; lastKnownFileType = file.storyboard; name = Base; path = Base.lproj/LaunchScreen.storyboard; sourceTree = "<group>"; };
		A14179A72999CDA20097FD21 /* Info.plist */ = {isa = PBXFileReference; lastKnownFileType = text.plist.xml; path = Info.plist; sourceTree = "<group>"; };
		A14179B42999D1DC0097FD21 /* HYwulM.ttf */ = {isa = PBXFileReference; lastKnownFileType = file; path = HYwulM.ttf; sourceTree = "<group>"; };
		A14179B52999D1DD0097FD21 /* 華康新綜藝體W5(P).ttf */ = {isa = PBXFileReference; lastKnownFileType = file; path = "華康新綜藝體W5(P).ttf"; sourceTree = "<group>"; };
		A14599A329B48F0100F4409E /* PhoneNumberField.swift */ = {isa = PBXFileReference; lastKnownFileType = sourcecode.swift; path = PhoneNumberField.swift; sourceTree = "<group>"; };
		A14599A529B5015B00F4409E /* Country.swift */ = {isa = PBXFileReference; lastKnownFileType = sourcecode.swift; path = Country.swift; sourceTree = "<group>"; };
		A14599AF29B5C0A600F4409E /* CountryPickerViewController.swift */ = {isa = PBXFileReference; lastKnownFileType = sourcecode.swift; path = CountryPickerViewController.swift; sourceTree = "<group>"; };
		A14BF71329BF0DB0001E0F4B /* SpinningLayer.swift */ = {isa = PBXFileReference; lastKnownFileType = sourcecode.swift; path = SpinningLayer.swift; sourceTree = "<group>"; };
		A14BF71529BF0FCA001E0F4B /* CheckmarkLayer.swift */ = {isa = PBXFileReference; lastKnownFileType = sourcecode.swift; path = CheckmarkLayer.swift; sourceTree = "<group>"; };
		A14BF71929C0422E001E0F4B /* SendSMSButton.swift */ = {isa = PBXFileReference; lastKnownFileType = sourcecode.swift; path = SendSMSButton.swift; sourceTree = "<group>"; };
		A14BF71B29C1DB48001E0F4B /* MainFlowController.swift */ = {isa = PBXFileReference; lastKnownFileType = sourcecode.swift; path = MainFlowController.swift; sourceTree = "<group>"; };
		A14BF71D29C1E833001E0F4B /* SettingFlowController.swift */ = {isa = PBXFileReference; lastKnownFileType = sourcecode.swift; path = SettingFlowController.swift; sourceTree = "<group>"; };
		A14D7ACE29CFD35900FDA88B /* MediaView.swift */ = {isa = PBXFileReference; lastKnownFileType = sourcecode.swift; path = MediaView.swift; sourceTree = "<group>"; };
		A14D7AD229CFD4E500FDA88B /* MediaView.xib */ = {isa = PBXFileReference; lastKnownFileType = file.xib; path = MediaView.xib; sourceTree = "<group>"; };
		A175DE5029C3ED3A00A0C092 /* PostFlowController.swift */ = {isa = PBXFileReference; lastKnownFileType = sourcecode.swift; path = PostFlowController.swift; sourceTree = "<group>"; };
		A175DE5229C3ED5800A0C092 /* PostManager.swift */ = {isa = PBXFileReference; lastKnownFileType = sourcecode.swift; path = PostManager.swift; sourceTree = "<group>"; };
		A175DE5429C3EE3800A0C092 /* Post.swift */ = {isa = PBXFileReference; lastKnownFileType = sourcecode.swift; path = Post.swift; sourceTree = "<group>"; };
		A175DE9829C5469900A0C092 /* GridView.swift */ = {isa = PBXFileReference; lastKnownFileType = sourcecode.swift; path = GridView.swift; sourceTree = "<group>"; };
		A175DE9B29C5E87000A0C092 /* PostCell.xib */ = {isa = PBXFileReference; lastKnownFileType = file.xib; path = PostCell.xib; sourceTree = "<group>"; };
		A175DE9E29C814DF00A0C092 /* LargeTapAreaButton.swift */ = {isa = PBXFileReference; lastKnownFileType = sourcecode.swift; path = LargeTapAreaButton.swift; sourceTree = "<group>"; };
		A176AB6E29B5C2A2008F4030 /* CountryPickerViewModel.swift */ = {isa = PBXFileReference; lastKnownFileType = sourcecode.swift; path = CountryPickerViewModel.swift; sourceTree = "<group>"; };
		A176AB7329B5CEA4008F4030 /* SettingViewController.swift */ = {isa = PBXFileReference; fileEncoding = 4; lastKnownFileType = sourcecode.swift; path = SettingViewController.swift; sourceTree = "<group>"; };
		A176AB7429B5CEA4008F4030 /* SettingViewController.xib */ = {isa = PBXFileReference; fileEncoding = 4; lastKnownFileType = file.xib; path = SettingViewController.xib; sourceTree = "<group>"; };
		A176AB7729B5D8F7008F4030 /* CountryCellViewModel.swift */ = {isa = PBXFileReference; lastKnownFileType = sourcecode.swift; path = CountryCellViewModel.swift; sourceTree = "<group>"; };
		A176AB7929B5DFAB008F4030 /* CountryCell.swift */ = {isa = PBXFileReference; lastKnownFileType = sourcecode.swift; path = CountryCell.swift; sourceTree = "<group>"; };
		A176AB7C29B70FC2008F4030 /* Country Code.txt */ = {isa = PBXFileReference; lastKnownFileType = text; path = "Country Code.txt"; sourceTree = "<group>"; };
		A181B9B029D517E800945ED4 /* VidLoader.swift */ = {isa = PBXFileReference; lastKnownFileType = sourcecode.swift; path = VidLoader.swift; sourceTree = "<group>"; };
		A181B9B229D528B700945ED4 /* MediaProvider.swift */ = {isa = PBXFileReference; lastKnownFileType = sourcecode.swift; path = MediaProvider.swift; sourceTree = "<group>"; };
		A199DFA429CBF24F0071C568 /* SpinningView.swift */ = {isa = PBXFileReference; lastKnownFileType = sourcecode.swift; path = SpinningView.swift; sourceTree = "<group>"; };
		A1A71A082999E3FA00876973 /* LaunchViewController.swift */ = {isa = PBXFileReference; fileEncoding = 4; lastKnownFileType = sourcecode.swift; path = LaunchViewController.swift; sourceTree = "<group>"; };
		A1A71A092999E3FA00876973 /* VerificationCodeField.swift */ = {isa = PBXFileReference; fileEncoding = 4; lastKnownFileType = sourcecode.swift; path = VerificationCodeField.swift; sourceTree = "<group>"; };
		A1A71A0A2999E3FA00876973 /* LoginViewController.xib */ = {isa = PBXFileReference; fileEncoding = 4; lastKnownFileType = file.xib; path = LoginViewController.xib; sourceTree = "<group>"; };
		A1A71A0B2999E3FA00876973 /* LoginViewController.swift */ = {isa = PBXFileReference; fileEncoding = 4; lastKnownFileType = sourcecode.swift; path = LoginViewController.swift; sourceTree = "<group>"; };
		A1A71A0D2999E3FB00876973 /* UIViewController extension.swift */ = {isa = PBXFileReference; fileEncoding = 4; lastKnownFileType = sourcecode.swift; path = "UIViewController extension.swift"; sourceTree = "<group>"; };
		A1A71A0E2999E3FB00876973 /* UIColor extension.swift */ = {isa = PBXFileReference; fileEncoding = 4; lastKnownFileType = sourcecode.swift; path = "UIColor extension.swift"; sourceTree = "<group>"; };
		A1A71A0F2999E3FB00876973 /* AppFlowController.swift */ = {isa = PBXFileReference; fileEncoding = 4; lastKnownFileType = sourcecode.swift; path = AppFlowController.swift; sourceTree = "<group>"; };
		A1A71A112999E3FB00876973 /* LaunchViewController.xib */ = {isa = PBXFileReference; fileEncoding = 4; lastKnownFileType = file.xib; path = LaunchViewController.xib; sourceTree = "<group>"; };
		A1A71A1B2999E44300876973 /* LogoView.swift */ = {isa = PBXFileReference; fileEncoding = 4; lastKnownFileType = sourcecode.swift; path = LogoView.swift; sourceTree = "<group>"; };
		A1A71A23299A3CB600876973 /* DownSizeImage.swift */ = {isa = PBXFileReference; fileEncoding = 4; lastKnownFileType = sourcecode.swift; path = DownSizeImage.swift; sourceTree = "<group>"; };
		A1E19BD0299CABA4000354BE /* UIResponder Extension.swift */ = {isa = PBXFileReference; fileEncoding = 4; lastKnownFileType = sourcecode.swift; path = "UIResponder Extension.swift"; sourceTree = "<group>"; };
		A1E19BD2299CB455000354BE /* UIControl Publisher.swift */ = {isa = PBXFileReference; fileEncoding = 4; lastKnownFileType = sourcecode.swift; path = "UIControl Publisher.swift"; sourceTree = "<group>"; };
		A1E19BD4299E3629000354BE /* GoogleService-Info.plist */ = {isa = PBXFileReference; fileEncoding = 4; lastKnownFileType = text.plist.xml; path = "GoogleService-Info.plist"; sourceTree = "<group>"; };
		A1FE4640299E445100319CEC /* AuthManager.swift */ = {isa = PBXFileReference; lastKnownFileType = sourcecode.swift; path = AuthManager.swift; sourceTree = "<group>"; };
		A1FE4642299E453700319CEC /* SignInViewModel.swift */ = {isa = PBXFileReference; lastKnownFileType = sourcecode.swift; path = SignInViewModel.swift; sourceTree = "<group>"; };
		A1FE4644299E45F000319CEC /* Combine Extension.swift */ = {isa = PBXFileReference; fileEncoding = 4; lastKnownFileType = sourcecode.swift; path = "Combine Extension.swift"; sourceTree = "<group>"; };
		A1FE4646299F9B4800319CEC /* Aiba Digital.entitlements */ = {isa = PBXFileReference; lastKnownFileType = text.plist.entitlements; path = "Aiba Digital.entitlements"; sourceTree = "<group>"; };
		E800DDBF2A272A1000C34F48 /* MediaPickerViewController.swift */ = {isa = PBXFileReference; lastKnownFileType = sourcecode.swift; path = MediaPickerViewController.swift; sourceTree = "<group>"; };
		E800DDC02A272A1000C34F48 /* MediaPickerViewController.xib */ = {isa = PBXFileReference; lastKnownFileType = file.xib; path = MediaPickerViewController.xib; sourceTree = "<group>"; };
		E800DDC52A28739A00C34F48 /* BunnyService-Info.plist */ = {isa = PBXFileReference; lastKnownFileType = text.plist.xml; path = "BunnyService-Info.plist"; sourceTree = "<group>"; };
		E80D26E02A569265003CEB95 /* AccountManager.swift */ = {isa = PBXFileReference; lastKnownFileType = sourcecode.swift; path = AccountManager.swift; sourceTree = "<group>"; };
		E80D26E22A573049003CEB95 /* MemberSignInViewModel.swift */ = {isa = PBXFileReference; lastKnownFileType = sourcecode.swift; path = MemberSignInViewModel.swift; sourceTree = "<group>"; };
		E80D26E42A5915C6003CEB95 /* DeepLink.swift */ = {isa = PBXFileReference; lastKnownFileType = sourcecode.swift; path = DeepLink.swift; sourceTree = "<group>"; };
		E81409CF2A0898BC00E64826 /* MediaScrollView.swift */ = {isa = PBXFileReference; lastKnownFileType = sourcecode.swift; path = MediaScrollView.swift; sourceTree = "<group>"; };
		E81409D12A08A03D00E64826 /* ImageScrollView.swift */ = {isa = PBXFileReference; lastKnownFileType = sourcecode.swift; path = ImageScrollView.swift; sourceTree = "<group>"; };
		E81409D52A0936E000E64826 /* PageCollectionViewLayout.swift */ = {isa = PBXFileReference; lastKnownFileType = sourcecode.swift; path = PageCollectionViewLayout.swift; sourceTree = "<group>"; };
		E81409D72A09DA1000E64826 /* MediaDetailViewController.swift */ = {isa = PBXFileReference; lastKnownFileType = sourcecode.swift; path = MediaDetailViewController.swift; sourceTree = "<group>"; };
		E81409D82A09DA1000E64826 /* MediaDetailViewController.xib */ = {isa = PBXFileReference; lastKnownFileType = file.xib; path = MediaDetailViewController.xib; sourceTree = "<group>"; };
		E822F9F62A359799009F90EF /* TestCompressor.swift */ = {isa = PBXFileReference; lastKnownFileType = sourcecode.swift; path = TestCompressor.swift; sourceTree = "<group>"; };
		E823AFC42A42A19600DF7172 /* EditAccessoryView.swift */ = {isa = PBXFileReference; lastKnownFileType = sourcecode.swift; path = EditAccessoryView.swift; sourceTree = "<group>"; };
		E823AFC62A42A1AA00DF7172 /* EditAccessoryView.xib */ = {isa = PBXFileReference; lastKnownFileType = file.xib; path = EditAccessoryView.xib; sourceTree = "<group>"; };
		E82A0A252A17BF390040A7B2 /* TODO.swift */ = {isa = PBXFileReference; lastKnownFileType = sourcecode.swift; path = TODO.swift; sourceTree = "<group>"; };
		E82A0A262A17BF390040A7B2 /* TODO.xib */ = {isa = PBXFileReference; lastKnownFileType = file.xib; path = TODO.xib; sourceTree = "<group>"; };
		E82A0A2D2A1883200040A7B2 /* VideoSlider.swift */ = {isa = PBXFileReference; lastKnownFileType = sourcecode.swift; path = VideoSlider.swift; sourceTree = "<group>"; };
		E837DB532A4978F7004F4248 /* MediaViewModel.swift */ = {isa = PBXFileReference; lastKnownFileType = sourcecode.swift; path = MediaViewModel.swift; sourceTree = "<group>"; };
		E83E007A2A49ABAA00138E6C /* ShopViewController.swift */ = {isa = PBXFileReference; lastKnownFileType = sourcecode.swift; path = ShopViewController.swift; sourceTree = "<group>"; };
		E83E007B2A49ABAA00138E6C /* ShopViewController.xib */ = {isa = PBXFileReference; lastKnownFileType = file.xib; path = ShopViewController.xib; sourceTree = "<group>"; };
		E83E007E2A49BDD300138E6C /* ShopifyQueries.swift */ = {isa = PBXFileReference; lastKnownFileType = sourcecode.swift; path = ShopifyQueries.swift; sourceTree = "<group>"; };
		E846839F2A3ED39600D4FE12 /* ShopFlowController.swift */ = {isa = PBXFileReference; lastKnownFileType = sourcecode.swift; path = ShopFlowController.swift; sourceTree = "<group>"; };
		E84683A72A3FF72700D4FE12 /* EditPostViewController.swift */ = {isa = PBXFileReference; lastKnownFileType = sourcecode.swift; path = EditPostViewController.swift; sourceTree = "<group>"; };
		E84683A82A3FF72700D4FE12 /* EditPostViewController.xib */ = {isa = PBXFileReference; lastKnownFileType = file.xib; path = EditPostViewController.xib; sourceTree = "<group>"; };
		E84683AD2A400D4900D4FE12 /* ContainerViewController.swift */ = {isa = PBXFileReference; lastKnownFileType = sourcecode.swift; path = ContainerViewController.swift; sourceTree = "<group>"; };
		E84683AF2A408AB200D4FE12 /* EditPostViewModel.swift */ = {isa = PBXFileReference; lastKnownFileType = sourcecode.swift; path = EditPostViewModel.swift; sourceTree = "<group>"; };
		E84993B42A42E0AE0009DBD8 /* PhotoPickerInputViewController.swift */ = {isa = PBXFileReference; lastKnownFileType = sourcecode.swift; path = PhotoPickerInputViewController.swift; sourceTree = "<group>"; };
		E84993B82A43E2490009DBD8 /* SelfSizingCollectionView.swift */ = {isa = PBXFileReference; lastKnownFileType = sourcecode.swift; path = SelfSizingCollectionView.swift; sourceTree = "<group>"; };
		E84993BA2A4457480009DBD8 /* UICollectionViewLayout extension.swift */ = {isa = PBXFileReference; lastKnownFileType = sourcecode.swift; path = "UICollectionViewLayout extension.swift"; sourceTree = "<group>"; };
		E84993BC2A45455F0009DBD8 /* MediaPickerPreviewCell.swift */ = {isa = PBXFileReference; lastKnownFileType = sourcecode.swift; path = MediaPickerPreviewCell.swift; sourceTree = "<group>"; };
		E84993BD2A45455F0009DBD8 /* MediaPickerPreviewCell.xib */ = {isa = PBXFileReference; lastKnownFileType = file.xib; path = MediaPickerPreviewCell.xib; sourceTree = "<group>"; };
		E84993C02A46CD990009DBD8 /* PhotoPickerInputViewController.xib */ = {isa = PBXFileReference; lastKnownFileType = file.xib; path = PhotoPickerInputViewController.xib; sourceTree = "<group>"; };
		E84993C22A471A070009DBD8 /* CollectionViewBackgroundView.xib */ = {isa = PBXFileReference; lastKnownFileType = file.xib; path = CollectionViewBackgroundView.xib; sourceTree = "<group>"; };
		E84993C42A471C1C0009DBD8 /* CustomDashedView.swift */ = {isa = PBXFileReference; lastKnownFileType = sourcecode.swift; path = CustomDashedView.swift; sourceTree = "<group>"; };
		E84993C62A473BC80009DBD8 /* UploadPostViewController.swift */ = {isa = PBXFileReference; lastKnownFileType = sourcecode.swift; path = UploadPostViewController.swift; sourceTree = "<group>"; };
		E84993C72A473BC80009DBD8 /* UploadPostViewController.xib */ = {isa = PBXFileReference; lastKnownFileType = file.xib; path = UploadPostViewController.xib; sourceTree = "<group>"; };
		E84993CA2A47551E0009DBD8 /* UITextView Extension.swift */ = {isa = PBXFileReference; lastKnownFileType = sourcecode.swift; path = "UITextView Extension.swift"; sourceTree = "<group>"; };
		E84A29632A1A571700BC94D5 /* AutoCenterScrollView.swift */ = {isa = PBXFileReference; lastKnownFileType = sourcecode.swift; path = AutoCenterScrollView.swift; sourceTree = "<group>"; };
		E84A29652A1B19DD00BC94D5 /* PostFeedViewController.swift */ = {isa = PBXFileReference; lastKnownFileType = sourcecode.swift; path = PostFeedViewController.swift; sourceTree = "<group>"; };
		E84A29662A1B19DD00BC94D5 /* PostFeedViewController.xib */ = {isa = PBXFileReference; lastKnownFileType = file.xib; path = PostFeedViewController.xib; sourceTree = "<group>"; };
		E84A29692A1B2CA200BC94D5 /* FeedViewModel.swift */ = {isa = PBXFileReference; lastKnownFileType = sourcecode.swift; path = FeedViewModel.swift; sourceTree = "<group>"; };
		E84A296D2A1C97FD00BC94D5 /* PostMediaCell.swift */ = {isa = PBXFileReference; lastKnownFileType = sourcecode.swift; path = PostMediaCell.swift; sourceTree = "<group>"; };
		E84A296E2A1C97FD00BC94D5 /* PostMediaCell.xib */ = {isa = PBXFileReference; lastKnownFileType = file.xib; path = PostMediaCell.xib; sourceTree = "<group>"; };
		E84A29712A1C9A9C00BC94D5 /* PhotoPreviewCell.swift */ = {isa = PBXFileReference; lastKnownFileType = sourcecode.swift; path = PhotoPreviewCell.swift; sourceTree = "<group>"; };
		E84A29722A1C9A9C00BC94D5 /* PhotoPreviewCell.xib */ = {isa = PBXFileReference; lastKnownFileType = file.xib; path = PhotoPreviewCell.xib; sourceTree = "<group>"; };
		E84A297D2A1D195D00BC94D5 /* PostMediaViewModel.swift */ = {isa = PBXFileReference; lastKnownFileType = sourcecode.swift; path = PostMediaViewModel.swift; sourceTree = "<group>"; };
		E84A297F2A1DF0A400BC94D5 /* VideoPreviewCell.swift */ = {isa = PBXFileReference; lastKnownFileType = sourcecode.swift; path = VideoPreviewCell.swift; sourceTree = "<group>"; };
		E84A29802A1DF0A400BC94D5 /* VideoPreviewCell.xib */ = {isa = PBXFileReference; lastKnownFileType = file.xib; path = VideoPreviewCell.xib; sourceTree = "<group>"; };
		E8556F3A2A4DDE53008A782F /* TestViewController.swift */ = {isa = PBXFileReference; lastKnownFileType = sourcecode.swift; path = TestViewController.swift; sourceTree = "<group>"; };
		E8556F3B2A4DDE53008A782F /* TestViewController.xib */ = {isa = PBXFileReference; lastKnownFileType = file.xib; path = TestViewController.xib; sourceTree = "<group>"; };
		E8556F402A4E6E8E008A782F /* BunnyImageLoader.swift */ = {isa = PBXFileReference; lastKnownFileType = sourcecode.swift; path = BunnyImageLoader.swift; sourceTree = "<group>"; };
		E8556F422A4E8ECA008A782F /* BunnyVideoLoader.swift */ = {isa = PBXFileReference; lastKnownFileType = sourcecode.swift; path = BunnyVideoLoader.swift; sourceTree = "<group>"; };
		E8556F442A4E96C9008A782F /* BunnyImageUploader.swift */ = {isa = PBXFileReference; lastKnownFileType = sourcecode.swift; path = BunnyImageUploader.swift; sourceTree = "<group>"; };
		E8556F462A4E98F7008A782F /* BunnyVideoUploader.swift */ = {isa = PBXFileReference; lastKnownFileType = sourcecode.swift; path = BunnyVideoUploader.swift; sourceTree = "<group>"; };
		E85ED3B429F422F8008070B9 /* TTViewController.swift */ = {isa = PBXFileReference; lastKnownFileType = sourcecode.swift; path = TTViewController.swift; sourceTree = "<group>"; };
		E86B370B2A16FF5700FE2251 /* ShowMoreLabel.swift */ = {isa = PBXFileReference; lastKnownFileType = sourcecode.swift; path = ShowMoreLabel.swift; sourceTree = "<group>"; };
		E86E543729DDB58F008A3855 /* MMediaCell.swift */ = {isa = PBXFileReference; lastKnownFileType = sourcecode.swift; path = MMediaCell.swift; sourceTree = "<group>"; };
		E86E543E29DDBD1B008A3855 /* PostHeaderCell.swift */ = {isa = PBXFileReference; lastKnownFileType = sourcecode.swift; path = PostHeaderCell.swift; sourceTree = "<group>"; };
		E86E543F29DDBD1B008A3855 /* PostHeaderCell.xib */ = {isa = PBXFileReference; lastKnownFileType = file.xib; path = PostHeaderCell.xib; sourceTree = "<group>"; };
		E86E544229DDBDB5008A3855 /* PostTextCell.swift */ = {isa = PBXFileReference; lastKnownFileType = sourcecode.swift; path = PostTextCell.swift; sourceTree = "<group>"; };
		E86E544329DDBDB5008A3855 /* PostTextCell.xib */ = {isa = PBXFileReference; lastKnownFileType = file.xib; path = PostTextCell.xib; sourceTree = "<group>"; };
		E86E544629DDBEB0008A3855 /* PostActionCell.swift */ = {isa = PBXFileReference; lastKnownFileType = sourcecode.swift; path = PostActionCell.swift; sourceTree = "<group>"; };
		E86E544729DDBEB0008A3855 /* PostActionCell.xib */ = {isa = PBXFileReference; lastKnownFileType = file.xib; path = PostActionCell.xib; sourceTree = "<group>"; };
		E8738A5D2A137B9B001A8F8A /* ScrollIndicator.swift */ = {isa = PBXFileReference; lastKnownFileType = sourcecode.swift; path = ScrollIndicator.swift; sourceTree = "<group>"; };
		E87EE34A2A21DA4200EBD988 /* PostFeedViewModel.swift */ = {isa = PBXFileReference; lastKnownFileType = sourcecode.swift; path = PostFeedViewModel.swift; sourceTree = "<group>"; };
		E8856CE52A29A995004A5D69 /* MediaPickerCell.swift */ = {isa = PBXFileReference; lastKnownFileType = sourcecode.swift; path = MediaPickerCell.swift; sourceTree = "<group>"; };
		E8856CE62A29A995004A5D69 /* MediaPickerCell.xib */ = {isa = PBXFileReference; lastKnownFileType = file.xib; path = MediaPickerCell.xib; sourceTree = "<group>"; };
		E8856CE92A29B22E004A5D69 /* MediaPickerViewModel.swift */ = {isa = PBXFileReference; lastKnownFileType = sourcecode.swift; path = MediaPickerViewModel.swift; sourceTree = "<group>"; };
		E8856CF32A29BFE8004A5D69 /* MediaPickerCellViewModel.swift */ = {isa = PBXFileReference; lastKnownFileType = sourcecode.swift; path = MediaPickerCellViewModel.swift; sourceTree = "<group>"; };
		E8856CF82A2B935C004A5D69 /* MediaPicks.swift */ = {isa = PBXFileReference; lastKnownFileType = sourcecode.swift; path = MediaPicks.swift; sourceTree = "<group>"; };
		E8856D082A2F14B0004A5D69 /* VIdeoCompressor.swift */ = {isa = PBXFileReference; lastKnownFileType = sourcecode.swift; path = VIdeoCompressor.swift; sourceTree = "<group>"; };
		E89348F92A22359B00F9B73C /* Member.swift */ = {isa = PBXFileReference; lastKnownFileType = sourcecode.swift; path = Member.swift; sourceTree = "<group>"; };
		E89348FB2A22367900F9B73C /* PostReplies.swift */ = {isa = PBXFileReference; lastKnownFileType = sourcecode.swift; path = PostReplies.swift; sourceTree = "<group>"; };
		E897538729E055C0002C820C /* FeedMediaViewModel.swift */ = {isa = PBXFileReference; lastKnownFileType = sourcecode.swift; path = FeedMediaViewModel.swift; sourceTree = "<group>"; };
		E897538929E055D9002C820C /* PostHeaderViewModel.swift */ = {isa = PBXFileReference; lastKnownFileType = sourcecode.swift; path = PostHeaderViewModel.swift; sourceTree = "<group>"; };
		E897538B29E055F0002C820C /* PostActionViewModel.swift */ = {isa = PBXFileReference; lastKnownFileType = sourcecode.swift; path = PostActionViewModel.swift; sourceTree = "<group>"; };
		E897538D29E0562F002C820C /* PostTextViewModel.swift */ = {isa = PBXFileReference; lastKnownFileType = sourcecode.swift; path = PostTextViewModel.swift; sourceTree = "<group>"; };
		E89CEA062A0C7F37002A4CF1 /* VideoViewModel.swift */ = {isa = PBXFileReference; lastKnownFileType = sourcecode.swift; path = VideoViewModel.swift; sourceTree = "<group>"; };
		E89CEA0A2A0DBA8B002A4CF1 /* VideoView.swift */ = {isa = PBXFileReference; lastKnownFileType = sourcecode.swift; path = VideoView.swift; sourceTree = "<group>"; };
		E89CEA122A0FBE64002A4CF1 /* SlideViewController.swift */ = {isa = PBXFileReference; lastKnownFileType = sourcecode.swift; path = SlideViewController.swift; sourceTree = "<group>"; };
		E89CEA142A0FEA6F002A4CF1 /* AVPlayer Publisher.swift */ = {isa = PBXFileReference; lastKnownFileType = sourcecode.swift; path = "AVPlayer Publisher.swift"; sourceTree = "<group>"; };
		E89CEA162A111143002A4CF1 /* MediaDetailViewModel.swift */ = {isa = PBXFileReference; lastKnownFileType = sourcecode.swift; path = MediaDetailViewModel.swift; sourceTree = "<group>"; };
		E89CEA182A11D191002A4CF1 /* VideoDetailCell.swift */ = {isa = PBXFileReference; lastKnownFileType = sourcecode.swift; path = VideoDetailCell.swift; sourceTree = "<group>"; };
		E89CEA192A11D191002A4CF1 /* VideoDetailCell.xib */ = {isa = PBXFileReference; lastKnownFileType = file.xib; path = VideoDetailCell.xib; sourceTree = "<group>"; };
		E89CEA242A1214AF002A4CF1 /* PhotoViewModel.swift */ = {isa = PBXFileReference; lastKnownFileType = sourcecode.swift; path = PhotoViewModel.swift; sourceTree = "<group>"; };
		E89CEA262A121B6F002A4CF1 /* PhotoDetailCell.swift */ = {isa = PBXFileReference; lastKnownFileType = sourcecode.swift; path = PhotoDetailCell.swift; sourceTree = "<group>"; };
		E89CEA272A121B6F002A4CF1 /* PhotoDetailCell.xib */ = {isa = PBXFileReference; lastKnownFileType = file.xib; path = PhotoDetailCell.xib; sourceTree = "<group>"; };
		E8A8A32D2A245C76006731BE /* MediaAsset.swift */ = {isa = PBXFileReference; lastKnownFileType = sourcecode.swift; path = MediaAsset.swift; sourceTree = "<group>"; };
		E8AD49E02A36EB9E00932CBD /* UploadPostViewModel.swift */ = {isa = PBXFileReference; lastKnownFileType = sourcecode.swift; path = UploadPostViewModel.swift; sourceTree = "<group>"; };
		E8AD49E22A36EEF700932CBD /* MediaManager.swift */ = {isa = PBXFileReference; lastKnownFileType = sourcecode.swift; path = MediaManager.swift; sourceTree = "<group>"; };
		E8C1E47F2A513033006E9C10 /* UIBarItem + Combine.swift */ = {isa = PBXFileReference; lastKnownFileType = sourcecode.swift; path = "UIBarItem + Combine.swift"; sourceTree = "<group>"; };
		E8C1E4812A51C884006E9C10 /* BunnyInfo.swift */ = {isa = PBXFileReference; lastKnownFileType = sourcecode.swift; path = BunnyInfo.swift; sourceTree = "<group>"; };
		E8C1E4832A53F47E006E9C10 /* FooterCell.swift */ = {isa = PBXFileReference; lastKnownFileType = sourcecode.swift; path = FooterCell.swift; sourceTree = "<group>"; };
		E8C1E4842A53F47E006E9C10 /* FooterCell.xib */ = {isa = PBXFileReference; lastKnownFileType = file.xib; path = FooterCell.xib; sourceTree = "<group>"; };
		E8C2347D2A14C86F00133138 /* TextViewController.swift */ = {isa = PBXFileReference; lastKnownFileType = sourcecode.swift; path = TextViewController.swift; sourceTree = "<group>"; };
		E8C852EF2A15AF3800D9A413 /* FadeTextView.swift */ = {isa = PBXFileReference; lastKnownFileType = sourcecode.swift; path = FadeTextView.swift; sourceTree = "<group>"; };
		E8C852F12A16135300D9A413 /* UILabel Extension.swift */ = {isa = PBXFileReference; lastKnownFileType = sourcecode.swift; path = "UILabel Extension.swift"; sourceTree = "<group>"; };
		E8FC67C12A380CF400104693 /* ImageCompressor.swift */ = {isa = PBXFileReference; lastKnownFileType = sourcecode.swift; path = ImageCompressor.swift; sourceTree = "<group>"; };
		E8FC67C32A380D6800104693 /* ImageDownsampleOperation.swift */ = {isa = PBXFileReference; lastKnownFileType = sourcecode.swift; path = ImageDownsampleOperation.swift; sourceTree = "<group>"; };
/* End PBXFileReference section */

/* Begin PBXFrameworksBuildPhase section */
		A14179932999CD980097FD21 /* Frameworks */ = {
			isa = PBXFrameworksBuildPhase;
			buildActionMask = 2147483647;
			files = (
				BF57853383AF140C3582559E /* Pods_Aiba_Digital.framework in Frameworks */,
			);
			runOnlyForDeploymentPostprocessing = 0;
		};
/* End PBXFrameworksBuildPhase section */

/* Begin PBXGroup section */
		3B979D4377EB6A68EFC8A3CC /* Frameworks */ = {
			isa = PBXGroup;
			children = (
				6D0994E40CE3982F6FF6C909 /* Pods_Aiba_Digital.framework */,
			);
			name = Frameworks;
			sourceTree = "<group>";
		};
		A10A3F2D299B54C800C8AEF6 /* View */ = {
			isa = PBXGroup;
			children = (
				A10A3F2F299BAAB100C8AEF6 /* Launch */,
				A10A3F30299BAAC500C8AEF6 /* Login */,
				A175DE6329C407E800A0C092 /* Post */,
				E83E00792A49AB8600138E6C /* Shop */,
				A176AB7229B5CE94008F4030 /* Settings */,
			);
			path = View;
			sourceTree = "<group>";
		};
		A10A3F2E299BA8DD00C8AEF6 /* Flow Controller */ = {
			isa = PBXGroup;
			children = (
				A1A71A0F2999E3FB00876973 /* AppFlowController.swift */,
				A115B37C29AB437300EB5A72 /* LoginFlowController.swift */,
				A14BF71B29C1DB48001E0F4B /* MainFlowController.swift */,
				A14BF71D29C1E833001E0F4B /* SettingFlowController.swift */,
				A175DE5029C3ED3A00A0C092 /* PostFlowController.swift */,
				E846839F2A3ED39600D4FE12 /* ShopFlowController.swift */,
				E82A0A252A17BF390040A7B2 /* TODO.swift */,
				E82A0A262A17BF390040A7B2 /* TODO.xib */,
				E8556F3A2A4DDE53008A782F /* TestViewController.swift */,
				E8556F3B2A4DDE53008A782F /* TestViewController.xib */,
			);
			path = "Flow Controller";
			sourceTree = "<group>";
		};
		A10A3F2F299BAAB100C8AEF6 /* Launch */ = {
			isa = PBXGroup;
			children = (
				A1A71A1B2999E44300876973 /* LogoView.swift */,
				A1A71A082999E3FA00876973 /* LaunchViewController.swift */,
				A1A71A112999E3FB00876973 /* LaunchViewController.xib */,
			);
			path = Launch;
			sourceTree = "<group>";
		};
		A10A3F30299BAAC500C8AEF6 /* Login */ = {
			isa = PBXGroup;
			children = (
				A1A71A0B2999E3FA00876973 /* LoginViewController.swift */,
				A1A71A0A2999E3FA00876973 /* LoginViewController.xib */,
				A14599AF29B5C0A600F4409E /* CountryPickerViewController.swift */,
				A176AB7929B5DFAB008F4030 /* CountryCell.swift */,
				A14599A329B48F0100F4409E /* PhoneNumberField.swift */,
				A1A71A092999E3FA00876973 /* VerificationCodeField.swift */,
				A14BF71929C0422E001E0F4B /* SendSMSButton.swift */,
				A10E9CBE29BCD5B200FE55B7 /* SignInButton.swift */,
				A14BF71329BF0DB0001E0F4B /* SpinningLayer.swift */,
				A14BF71529BF0FCA001E0F4B /* CheckmarkLayer.swift */,
				A10E9CC029BDBF2300FE55B7 /* TransitionButton.swift */,
			);
			path = Login;
			sourceTree = "<group>";
		};
		A115B38429AC471300EB5A72 /* Service */ = {
			isa = PBXGroup;
			children = (
				A175DE5829C3F53F00A0C092 /* Account */,
				A175DE5929C3F55B00A0C092 /* Post */,
				E8FC67C52A38419D00104693 /* Media */,
			);
			path = Service;
			sourceTree = "<group>";
		};
		A141798D2999CD970097FD21 = {
			isa = PBXGroup;
			children = (
				A14179982999CD980097FD21 /* Aiba Digital */,
				A14179972999CD980097FD21 /* Products */,
				AD6EC25EE6883CB5A10D6AB3 /* Pods */,
				3B979D4377EB6A68EFC8A3CC /* Frameworks */,
			);
			sourceTree = "<group>";
		};
		A14179972999CD980097FD21 /* Products */ = {
			isa = PBXGroup;
			children = (
				A14179962999CD980097FD21 /* Aiba Digital.app */,
			);
			name = Products;
			sourceTree = "<group>";
		};
		A14179982999CD980097FD21 /* Aiba Digital */ = {
			isa = PBXGroup;
			children = (
				A14D7ADC29D2D82D00FDA88B /* App */,
				A10A3F2E299BA8DD00C8AEF6 /* Flow Controller */,
				A1FE463F299E3EA100319CEC /* Model */,
				A10A3F2D299B54C800C8AEF6 /* View */,
				A1FE463E299E38E000319CEC /* View Model */,
				A115B38429AC471300EB5A72 /* Service */,
				A1A71A0C2999E3FB00876973 /* Extension */,
				A14179B32999D1C20097FD21 /* Font */,
				A176AB7C29B70FC2008F4030 /* Country Code.txt */,
			);
			path = "Aiba Digital";
			sourceTree = "<group>";
		};
		A14179B32999D1C20097FD21 /* Font */ = {
			isa = PBXGroup;
			children = (
				A14179B52999D1DD0097FD21 /* 華康新綜藝體W5(P).ttf */,
				A14179B42999D1DC0097FD21 /* HYwulM.ttf */,
			);
			path = Font;
			sourceTree = "<group>";
		};
		A14D7ADC29D2D82D00FDA88B /* App */ = {
			isa = PBXGroup;
			children = (
				A1FE4646299F9B4800319CEC /* Aiba Digital.entitlements */,
				A14179A22999CDA20097FD21 /* Assets.xcassets */,
				A14179992999CD980097FD21 /* AppDelegate.swift */,
				A141799B2999CD980097FD21 /* SceneDelegate.swift */,
				A14179A42999CDA20097FD21 /* LaunchScreen.storyboard */,
				A14179A72999CDA20097FD21 /* Info.plist */,
				A1E19BD4299E3629000354BE /* GoogleService-Info.plist */,
				E800DDC52A28739A00C34F48 /* BunnyService-Info.plist */,
			);
			path = App;
			sourceTree = "<group>";
		};
		A175DE5829C3F53F00A0C092 /* Account */ = {
			isa = PBXGroup;
			children = (
				A1FE4640299E445100319CEC /* AuthManager.swift */,
				A13822C329AA38DC004FD6A1 /* AuthStatePublisher.swift */,
				A115B38529AC64DA00EB5A72 /* AuthError.swift */,
				E80D26E02A569265003CEB95 /* AccountManager.swift */,
			);
			path = Account;
			sourceTree = "<group>";
		};
		A175DE5929C3F55B00A0C092 /* Post */ = {
			isa = PBXGroup;
			children = (
				A175DE5229C3ED5800A0C092 /* PostManager.swift */,
			);
			path = Post;
			sourceTree = "<group>";
		};
		A175DE5A29C3FE0100A0C092 /* Post */ = {
			isa = PBXGroup;
			children = (
				E84CFF572A49581600EF517F /* Edit */,
				E84CFF552A4957FF00EF517F /* Feed */,
				E84CFF562A49580900EF517F /* Detail */,
				E897539529E58534002C820C /* PostViewModels */,
				E897538729E055C0002C820C /* FeedMediaViewModel.swift */,
			);
			path = Post;
			sourceTree = "<group>";
		};
		A175DE6329C407E800A0C092 /* Post */ = {
			isa = PBXGroup;
			children = (
				A181B9B429D5718C00945ED4 /* Feed Screen */,
				E897538629E05577002C820C /* Detail Screen */,
				A181B9B729D571BC00945ED4 /* Edit Screen */,
				E84A908E2A49E1F700BCFA32 /* Upload Screen */,
			);
			path = Post;
			sourceTree = "<group>";
		};
		A176AB7029B5C2A8008F4030 /* Sign In */ = {
			isa = PBXGroup;
			children = (
				A1FE4642299E453700319CEC /* SignInViewModel.swift */,
				A176AB6E29B5C2A2008F4030 /* CountryPickerViewModel.swift */,
				A176AB7729B5D8F7008F4030 /* CountryCellViewModel.swift */,
				E80D26E22A573049003CEB95 /* MemberSignInViewModel.swift */,
			);
			path = "Sign In";
			sourceTree = "<group>";
		};
		A176AB7229B5CE94008F4030 /* Settings */ = {
			isa = PBXGroup;
			children = (
				A176AB7329B5CEA4008F4030 /* SettingViewController.swift */,
				A176AB7429B5CEA4008F4030 /* SettingViewController.xib */,
			);
			path = Settings;
			sourceTree = "<group>";
		};
		A181B9B429D5718C00945ED4 /* Feed Screen */ = {
			isa = PBXGroup;
			children = (
				E84A29652A1B19DD00BC94D5 /* PostFeedViewController.swift */,
				E84A29662A1B19DD00BC94D5 /* PostFeedViewController.xib */,
				E87EE34A2A21DA4200EBD988 /* PostFeedViewModel.swift */,
				E86E543D29DDBC63008A3855 /* FeedCells */,
				E84A29692A1B2CA200BC94D5 /* FeedViewModel.swift */,
			);
			path = "Feed Screen";
			sourceTree = "<group>";
		};
		A181B9B729D571BC00945ED4 /* Edit Screen */ = {
			isa = PBXGroup;
			children = (
				E8856CE92A29B22E004A5D69 /* MediaPickerViewModel.swift */,
				E8856CE52A29A995004A5D69 /* MediaPickerCell.swift */,
				E8856CE62A29A995004A5D69 /* MediaPickerCell.xib */,
				E8856CF32A29BFE8004A5D69 /* MediaPickerCellViewModel.swift */,
				E84683A72A3FF72700D4FE12 /* EditPostViewController.swift */,
				E84683A82A3FF72700D4FE12 /* EditPostViewController.xib */,
				E84683AF2A408AB200D4FE12 /* EditPostViewModel.swift */,
				E823AFC42A42A19600DF7172 /* EditAccessoryView.swift */,
				E823AFC62A42A1AA00DF7172 /* EditAccessoryView.xib */,
				E84993B42A42E0AE0009DBD8 /* PhotoPickerInputViewController.swift */,
				E84993C02A46CD990009DBD8 /* PhotoPickerInputViewController.xib */,
				E84993BC2A45455F0009DBD8 /* MediaPickerPreviewCell.swift */,
				E84993BD2A45455F0009DBD8 /* MediaPickerPreviewCell.xib */,
				E84993C22A471A070009DBD8 /* CollectionViewBackgroundView.xib */,
			);
			path = "Edit Screen";
			sourceTree = "<group>";
		};
		A1A71A0C2999E3FB00876973 /* Extension */ = {
			isa = PBXGroup;
			children = (
				E89CEA0A2A0DBA8B002A4CF1 /* VideoView.swift */,
				E84993C42A471C1C0009DBD8 /* CustomDashedView.swift */,
				E84993BA2A4457480009DBD8 /* UICollectionViewLayout extension.swift */,
				A14D7ACE29CFD35900FDA88B /* MediaView.swift */,
				A14D7AD229CFD4E500FDA88B /* MediaView.xib */,
				A175DE9829C5469900A0C092 /* GridView.swift */,
				A199DFA429CBF24F0071C568 /* SpinningView.swift */,
				A10E9CBC29BCB41F00FE55B7 /* AnimatedButton.swift */,
				A1A71A0D2999E3FB00876973 /* UIViewController extension.swift */,
				A1A71A0E2999E3FB00876973 /* UIColor extension.swift */,
				A1A71A23299A3CB600876973 /* DownSizeImage.swift */,
				A1E19BD0299CABA4000354BE /* UIResponder Extension.swift */,
				A1E19BD2299CB455000354BE /* UIControl Publisher.swift */,
				E8C1E47F2A513033006E9C10 /* UIBarItem + Combine.swift */,
				E89CEA142A0FEA6F002A4CF1 /* AVPlayer Publisher.swift */,
				A1FE4644299E45F000319CEC /* Combine Extension.swift */,
				A13E2E9329B8DC530039B640 /* UserDefaults Extension.swift */,
				A175DE9E29C814DF00A0C092 /* LargeTapAreaButton.swift */,
				E8738A5D2A137B9B001A8F8A /* ScrollIndicator.swift */,
				E8C852EF2A15AF3800D9A413 /* FadeTextView.swift */,
				E8C852F12A16135300D9A413 /* UILabel Extension.swift */,
				E86B370B2A16FF5700FE2251 /* ShowMoreLabel.swift */,
				E82A0A2D2A1883200040A7B2 /* VideoSlider.swift */,
				E84683AD2A400D4900D4FE12 /* ContainerViewController.swift */,
				E84993CA2A47551E0009DBD8 /* UITextView Extension.swift */,
				A181B9B229D528B700945ED4 /* MediaProvider.swift */,
				E822F9F62A359799009F90EF /* TestCompressor.swift */,
				E87EE34C2A21DEED00EBD988 /* To deleted */,
			);
			path = Extension;
			sourceTree = "<group>";
		};
		A1FE463E299E38E000319CEC /* View Model */ = {
			isa = PBXGroup;
			children = (
				A176AB7029B5C2A8008F4030 /* Sign In */,
				A175DE5A29C3FE0100A0C092 /* Post */,
				A115B38229AC32B100EB5A72 /* SettingViewModel.swift */,
				A181B9B029D517E800945ED4 /* VidLoader.swift */,
			);
			path = "View Model";
			sourceTree = "<group>";
		};
		A1FE463F299E3EA100319CEC /* Model */ = {
			isa = PBXGroup;
			children = (
				A14599A529B5015B00F4409E /* Country.swift */,
				E89348F92A22359B00F9B73C /* Member.swift */,
				A175DE5429C3EE3800A0C092 /* Post.swift */,
				E89348FB2A22367900F9B73C /* PostReplies.swift */,
				E8A8A32D2A245C76006731BE /* MediaAsset.swift */,
				E8856CF82A2B935C004A5D69 /* MediaPicks.swift */,
				E80D26E42A5915C6003CEB95 /* DeepLink.swift */,
			);
			path = Model;
			sourceTree = "<group>";
		};
		AD6EC25EE6883CB5A10D6AB3 /* Pods */ = {
			isa = PBXGroup;
			children = (
				9587998018E29B3645BF9A10 /* Pods-Aiba Digital.debug.xcconfig */,
				37FF15B636310FE336FDA9BE /* Pods-Aiba Digital.release.xcconfig */,
			);
			path = Pods;
			sourceTree = "<group>";
		};
		E83E00792A49AB8600138E6C /* Shop */ = {
			isa = PBXGroup;
			children = (
				E83E007A2A49ABAA00138E6C /* ShopViewController.swift */,
				E83E007B2A49ABAA00138E6C /* ShopViewController.xib */,
				E83E007E2A49BDD300138E6C /* ShopifyQueries.swift */,
			);
			path = Shop;
			sourceTree = "<group>";
		};
		E84A29832A1DF1B000BC94D5 /* MediaPreviewCells */ = {
			isa = PBXGroup;
			children = (
				E84A29712A1C9A9C00BC94D5 /* PhotoPreviewCell.swift */,
				E84A29722A1C9A9C00BC94D5 /* PhotoPreviewCell.xib */,
				E84A297F2A1DF0A400BC94D5 /* VideoPreviewCell.swift */,
				E84A29802A1DF0A400BC94D5 /* VideoPreviewCell.xib */,
			);
			path = MediaPreviewCells;
			sourceTree = "<group>";
		};
		E84A908E2A49E1F700BCFA32 /* Upload Screen */ = {
			isa = PBXGroup;
			children = (
				E84993C62A473BC80009DBD8 /* UploadPostViewController.swift */,
				E84993C72A473BC80009DBD8 /* UploadPostViewController.xib */,
				E8AD49E02A36EB9E00932CBD /* UploadPostViewModel.swift */,
			);
			path = "Upload Screen";
			sourceTree = "<group>";
		};
		E84CFF552A4957FF00EF517F /* Feed */ = {
			isa = PBXGroup;
			children = (
			);
			path = Feed;
			sourceTree = "<group>";
		};
		E84CFF562A49580900EF517F /* Detail */ = {
			isa = PBXGroup;
			children = (
			);
			path = Detail;
			sourceTree = "<group>";
		};
		E84CFF572A49581600EF517F /* Edit */ = {
			isa = PBXGroup;
			children = (
			);
			path = Edit;
			sourceTree = "<group>";
		};
		E86E543D29DDBC63008A3855 /* FeedCells */ = {
			isa = PBXGroup;
			children = (
				E86E543E29DDBD1B008A3855 /* PostHeaderCell.swift */,
				E86E543F29DDBD1B008A3855 /* PostHeaderCell.xib */,
				E84A296D2A1C97FD00BC94D5 /* PostMediaCell.swift */,
				E84A296E2A1C97FD00BC94D5 /* PostMediaCell.xib */,
				E86E544229DDBDB5008A3855 /* PostTextCell.swift */,
				E86E544329DDBDB5008A3855 /* PostTextCell.xib */,
				E86E544629DDBEB0008A3855 /* PostActionCell.swift */,
				E86E544729DDBEB0008A3855 /* PostActionCell.xib */,
				E8C1E4832A53F47E006E9C10 /* FooterCell.swift */,
				E8C1E4842A53F47E006E9C10 /* FooterCell.xib */,
				E84A29832A1DF1B000BC94D5 /* MediaPreviewCells */,
			);
			path = FeedCells;
			sourceTree = "<group>";
		};
		E87EE34C2A21DEED00EBD988 /* To deleted */ = {
			isa = PBXGroup;
			children = (
				E800DDBF2A272A1000C34F48 /* MediaPickerViewController.swift */,
				E800DDC02A272A1000C34F48 /* MediaPickerViewController.xib */,
				E84993B82A43E2490009DBD8 /* SelfSizingCollectionView.swift */,
				E86E543729DDB58F008A3855 /* MMediaCell.swift */,
				A175DE9B29C5E87000A0C092 /* PostCell.xib */,
			);
			path = "To deleted";
			sourceTree = "<group>";
		};
		E897538629E05577002C820C /* Detail Screen */ = {
			isa = PBXGroup;
			children = (
				E81409D72A09DA1000E64826 /* MediaDetailViewController.swift */,
				E81409D82A09DA1000E64826 /* MediaDetailViewController.xib */,
				E89CEA162A111143002A4CF1 /* MediaDetailViewModel.swift */,
				E89CEA232A1213DB002A4CF1 /* MediaDetailCells */,
				E89CEA222A1213B2002A4CF1 /* Views */,
				E85ED3B429F422F8008070B9 /* TTViewController.swift */,
				E81409CF2A0898BC00E64826 /* MediaScrollView.swift */,
				E81409D12A08A03D00E64826 /* ImageScrollView.swift */,
				E81409D52A0936E000E64826 /* PageCollectionViewLayout.swift */,
				E89CEA122A0FBE64002A4CF1 /* SlideViewController.swift */,
			);
			path = "Detail Screen";
			sourceTree = "<group>";
		};
		E897539529E58534002C820C /* PostViewModels */ = {
			isa = PBXGroup;
			children = (
				E897538929E055D9002C820C /* PostHeaderViewModel.swift */,
				E84A297D2A1D195D00BC94D5 /* PostMediaViewModel.swift */,
				E897538D29E0562F002C820C /* PostTextViewModel.swift */,
				E897538B29E055F0002C820C /* PostActionViewModel.swift */,
				E89CEA242A1214AF002A4CF1 /* PhotoViewModel.swift */,
				E89CEA062A0C7F37002A4CF1 /* VideoViewModel.swift */,
				E837DB532A4978F7004F4248 /* MediaViewModel.swift */,
			);
			path = PostViewModels;
			sourceTree = "<group>";
		};
		E89CEA222A1213B2002A4CF1 /* Views */ = {
			isa = PBXGroup;
			children = (
				E8C2347D2A14C86F00133138 /* TextViewController.swift */,
				E84A29632A1A571700BC94D5 /* AutoCenterScrollView.swift */,
			);
			path = Views;
			sourceTree = "<group>";
		};
		E89CEA232A1213DB002A4CF1 /* MediaDetailCells */ = {
			isa = PBXGroup;
			children = (
				E89CEA262A121B6F002A4CF1 /* PhotoDetailCell.swift */,
				E89CEA272A121B6F002A4CF1 /* PhotoDetailCell.xib */,
				E89CEA182A11D191002A4CF1 /* VideoDetailCell.swift */,
				E89CEA192A11D191002A4CF1 /* VideoDetailCell.xib */,
			);
			path = MediaDetailCells;
			sourceTree = "<group>";
		};
		E8FC67C52A38419D00104693 /* Media */ = {
			isa = PBXGroup;
			children = (
				E8AD49E22A36EEF700932CBD /* MediaManager.swift */,
				E8856D082A2F14B0004A5D69 /* VIdeoCompressor.swift */,
				E8FC67C12A380CF400104693 /* ImageCompressor.swift */,
				E8FC67C32A380D6800104693 /* ImageDownsampleOperation.swift */,
				E8556F402A4E6E8E008A782F /* BunnyImageLoader.swift */,
				E8556F422A4E8ECA008A782F /* BunnyVideoLoader.swift */,
				E8556F442A4E96C9008A782F /* BunnyImageUploader.swift */,
				E8556F462A4E98F7008A782F /* BunnyVideoUploader.swift */,
				E8C1E4812A51C884006E9C10 /* BunnyInfo.swift */,
			);
			path = Media;
			sourceTree = "<group>";
		};
/* End PBXGroup section */

/* Begin PBXNativeTarget section */
		A14179952999CD980097FD21 /* Aiba Digital */ = {
			isa = PBXNativeTarget;
			buildConfigurationList = A14179AA2999CDA20097FD21 /* Build configuration list for PBXNativeTarget "Aiba Digital" */;
			buildPhases = (
				2E63D14A27F62FC7F1982D2F /* [CP] Check Pods Manifest.lock */,
				A14179922999CD980097FD21 /* Sources */,
				A14179932999CD980097FD21 /* Frameworks */,
				A14179942999CD980097FD21 /* Resources */,
				5639C0BC21097D3E2A469BAB /* [CP] Embed Pods Frameworks */,
			);
			buildRules = (
			);
			dependencies = (
			);
			name = "Aiba Digital";
			productName = "Aiba Digital";
			productReference = A14179962999CD980097FD21 /* Aiba Digital.app */;
			productType = "com.apple.product-type.application";
		};
/* End PBXNativeTarget section */

/* Begin PBXProject section */
		A141798E2999CD970097FD21 /* Project object */ = {
			isa = PBXProject;
			attributes = {
				BuildIndependentTargetsInParallel = 1;
				LastSwiftUpdateCheck = 1320;
				LastUpgradeCheck = 1320;
				TargetAttributes = {
					A14179952999CD980097FD21 = {
						CreatedOnToolsVersion = 13.2.1;
					};
				};
			};
			buildConfigurationList = A14179912999CD970097FD21 /* Build configuration list for PBXProject "Aiba Digital" */;
			compatibilityVersion = "Xcode 13.0";
			developmentRegion = en;
			hasScannedForEncodings = 0;
			knownRegions = (
				en,
				Base,
			);
			mainGroup = A141798D2999CD970097FD21;
			productRefGroup = A14179972999CD980097FD21 /* Products */;
			projectDirPath = "";
			projectRoot = "";
			targets = (
				A14179952999CD980097FD21 /* Aiba Digital */,
			);
		};
/* End PBXProject section */

/* Begin PBXResourcesBuildPhase section */
		A14179942999CD980097FD21 /* Resources */ = {
			isa = PBXResourcesBuildPhase;
			buildActionMask = 2147483647;
			files = (
				E83E007D2A49ABAA00138E6C /* ShopViewController.xib in Resources */,
				E800DDC22A272A1000C34F48 /* MediaPickerViewController.xib in Resources */,
				E82A0A282A17BF390040A7B2 /* TODO.xib in Resources */,
				E84683AA2A3FF72700D4FE12 /* EditPostViewController.xib in Resources */,
				E86E544929DDBEB0008A3855 /* PostActionCell.xib in Resources */,
				A1A71A142999E3FB00876973 /* LoginViewController.xib in Resources */,
				A1E19BD5299E362A000354BE /* GoogleService-Info.plist in Resources */,
				E823AFC72A42A1AA00DF7172 /* EditAccessoryView.xib in Resources */,
				A14179B62999D1DE0097FD21 /* HYwulM.ttf in Resources */,
				E84993BF2A45455F0009DBD8 /* MediaPickerPreviewCell.xib in Resources */,
				E84A29822A1DF0A400BC94D5 /* VideoPreviewCell.xib in Resources */,
				E84993C32A471A070009DBD8 /* CollectionViewBackgroundView.xib in Resources */,
				A14179B72999D1DF0097FD21 /* 華康新綜藝體W5(P).ttf in Resources */,
				A176AB7D29B70FC3008F4030 /* Country Code.txt in Resources */,
				A1A71A1A2999E3FB00876973 /* LaunchViewController.xib in Resources */,
				E84A29742A1C9A9C00BC94D5 /* PhotoPreviewCell.xib in Resources */,
				E8856CE82A29A995004A5D69 /* MediaPickerCell.xib in Resources */,
				E84993C92A473BC80009DBD8 /* UploadPostViewController.xib in Resources */,
				E84993C12A46CD990009DBD8 /* PhotoPickerInputViewController.xib in Resources */,
				A175DE9D29C5E87100A0C092 /* PostCell.xib in Resources */,
				A14D7AD329CFD4E500FDA88B /* MediaView.xib in Resources */,
				A14179A62999CDA20097FD21 /* LaunchScreen.storyboard in Resources */,
				E89CEA1B2A11D191002A4CF1 /* VideoDetailCell.xib in Resources */,
				E800DDC62A28739A00C34F48 /* BunnyService-Info.plist in Resources */,
				E81409DA2A09DA1000E64826 /* MediaDetailViewController.xib in Resources */,
				E8556F3D2A4DDE53008A782F /* TestViewController.xib in Resources */,
				E8C1E4862A53F47E006E9C10 /* FooterCell.xib in Resources */,
				E84A29682A1B19DD00BC94D5 /* PostFeedViewController.xib in Resources */,
				A14179A32999CDA20097FD21 /* Assets.xcassets in Resources */,
				E89CEA292A121B6F002A4CF1 /* PhotoDetailCell.xib in Resources */,
				E84A29702A1C97FD00BC94D5 /* PostMediaCell.xib in Resources */,
				E86E544529DDBDB5008A3855 /* PostTextCell.xib in Resources */,
				E86E544129DDBD1B008A3855 /* PostHeaderCell.xib in Resources */,
				A176AB7629B5CEA4008F4030 /* SettingViewController.xib in Resources */,
			);
			runOnlyForDeploymentPostprocessing = 0;
		};
/* End PBXResourcesBuildPhase section */

/* Begin PBXShellScriptBuildPhase section */
		2E63D14A27F62FC7F1982D2F /* [CP] Check Pods Manifest.lock */ = {
			isa = PBXShellScriptBuildPhase;
			buildActionMask = 2147483647;
			files = (
			);
			inputFileListPaths = (
			);
			inputPaths = (
				"${PODS_PODFILE_DIR_PATH}/Podfile.lock",
				"${PODS_ROOT}/Manifest.lock",
			);
			name = "[CP] Check Pods Manifest.lock";
			outputFileListPaths = (
			);
			outputPaths = (
				"$(DERIVED_FILE_DIR)/Pods-Aiba Digital-checkManifestLockResult.txt",
			);
			runOnlyForDeploymentPostprocessing = 0;
			shellPath = /bin/sh;
			shellScript = "diff \"${PODS_PODFILE_DIR_PATH}/Podfile.lock\" \"${PODS_ROOT}/Manifest.lock\" > /dev/null\nif [ $? != 0 ] ; then\n    # print error to STDERR\n    echo \"error: The sandbox is not in sync with the Podfile.lock. Run 'pod install' or update your CocoaPods installation.\" >&2\n    exit 1\nfi\n# This output is used by Xcode 'outputs' to avoid re-running this script phase.\necho \"SUCCESS\" > \"${SCRIPT_OUTPUT_FILE_0}\"\n";
			showEnvVarsInLog = 0;
		};
		5639C0BC21097D3E2A469BAB /* [CP] Embed Pods Frameworks */ = {
			isa = PBXShellScriptBuildPhase;
			buildActionMask = 2147483647;
			files = (
			);
			inputFileListPaths = (
				"${PODS_ROOT}/Target Support Files/Pods-Aiba Digital/Pods-Aiba Digital-frameworks-${CONFIGURATION}-input-files.xcfilelist",
			);
			name = "[CP] Embed Pods Frameworks";
			outputFileListPaths = (
				"${PODS_ROOT}/Target Support Files/Pods-Aiba Digital/Pods-Aiba Digital-frameworks-${CONFIGURATION}-output-files.xcfilelist",
			);
			runOnlyForDeploymentPostprocessing = 0;
			shellPath = /bin/sh;
			shellScript = "\"${PODS_ROOT}/Target Support Files/Pods-Aiba Digital/Pods-Aiba Digital-frameworks.sh\"\n";
			showEnvVarsInLog = 0;
		};
/* End PBXShellScriptBuildPhase section */

/* Begin PBXSourcesBuildPhase section */
		A14179922999CD980097FD21 /* Sources */ = {
			isa = PBXSourcesBuildPhase;
			buildActionMask = 2147483647;
			files = (
				E845FCF42A4EA647000BDF87 /* BunnyVideoLoader.swift in Sources */,
				E84993BE2A45455F0009DBD8 /* MediaPickerPreviewCell.swift in Sources */,
				E81409D62A0936E000E64826 /* PageCollectionViewLayout.swift in Sources */,
				E86E543929DDB58F008A3855 /* MMediaCell.swift in Sources */,
				E89CEA1A2A11D191002A4CF1 /* VideoDetailCell.swift in Sources */,
				E84993CB2A47551E0009DBD8 /* UITextView Extension.swift in Sources */,
				A1A71A152999E3FB00876973 /* LoginViewController.swift in Sources */,
				E84683A92A3FF72700D4FE12 /* EditPostViewController.swift in Sources */,
				A176AB7829B5D8F8008F4030 /* CountryCellViewModel.swift in Sources */,
				E84993B92A43E2490009DBD8 /* SelfSizingCollectionView.swift in Sources */,
				A175DE9929C5469A00A0C092 /* GridView.swift in Sources */,
				E8A8A32E2A245C76006731BE /* MediaAsset.swift in Sources */,
				E8FC67C42A380D6800104693 /* ImageDownsampleOperation.swift in Sources */,
				E84A29642A1A571700BC94D5 /* AutoCenterScrollView.swift in Sources */,
				E80D26E12A569265003CEB95 /* AccountManager.swift in Sources */,
				E84A297E2A1D195D00BC94D5 /* PostMediaViewModel.swift in Sources */,
				E8856CEA2A29B22E004A5D69 /* MediaPickerViewModel.swift in Sources */,
				A14D7ACF29CFD35A00FDA88B /* MediaView.swift in Sources */,
				E800DDC12A272A1000C34F48 /* MediaPickerViewController.swift in Sources */,
				E8856CF92A2B935C004A5D69 /* MediaPicks.swift in Sources */,
				A1FE4641299E445200319CEC /* AuthManager.swift in Sources */,
				A175DE9F29C814E000A0C092 /* LargeTapAreaButton.swift in Sources */,
				A13822C429AA38DD004FD6A1 /* AuthStatePublisher.swift in Sources */,
				A14BF71C29C1DB49001E0F4B /* MainFlowController.swift in Sources */,
				E84683B02A408AB200D4FE12 /* EditPostViewModel.swift in Sources */,
				E8556F452A4E96C9008A782F /* BunnyImageUploader.swift in Sources */,
				A1A71A24299A3CB700876973 /* DownSizeImage.swift in Sources */,
				E8C1E4802A513033006E9C10 /* UIBarItem + Combine.swift in Sources */,
				E89CEA252A1214AF002A4CF1 /* PhotoViewModel.swift in Sources */,
				E84993C82A473BC80009DBD8 /* UploadPostViewController.swift in Sources */,
				E89CEA172A111143002A4CF1 /* MediaDetailViewModel.swift in Sources */,
				E8738A5E2A137B9B001A8F8A /* ScrollIndicator.swift in Sources */,
				E8AD49E12A36EB9E00932CBD /* UploadPostViewModel.swift in Sources */,
				A115B37D29AB437300EB5A72 /* LoginFlowController.swift in Sources */,
				E8C1E4852A53F47E006E9C10 /* FooterCell.swift in Sources */,
				E8856CF42A29BFE8004A5D69 /* MediaPickerCellViewModel.swift in Sources */,
				A181B9B329D528B700945ED4 /* MediaProvider.swift in Sources */,
				E84683AE2A400D4900D4FE12 /* ContainerViewController.swift in Sources */,
				E89348FA2A22359B00F9B73C /* Member.swift in Sources */,
				A175DE5329C3ED5800A0C092 /* PostManager.swift in Sources */,
				A14BF71629BF0FCA001E0F4B /* CheckmarkLayer.swift in Sources */,
				E86E544029DDBD1B008A3855 /* PostHeaderCell.swift in Sources */,
				A176AB6F29B5C2A2008F4030 /* CountryPickerViewModel.swift in Sources */,
				A1A71A182999E3FB00876973 /* AppFlowController.swift in Sources */,
				A1A71A162999E3FB00876973 /* UIViewController extension.swift in Sources */,
				E8C852F02A15AF3800D9A413 /* FadeTextView.swift in Sources */,
				E8C852F22A16135300D9A413 /* UILabel Extension.swift in Sources */,
				E87EE34B2A21DA4200EBD988 /* PostFeedViewModel.swift in Sources */,
				E8556F3C2A4DDE53008A782F /* TestViewController.swift in Sources */,
				A141799A2999CD980097FD21 /* AppDelegate.swift in Sources */,
				A1A71A172999E3FB00876973 /* UIColor extension.swift in Sources */,
				E897538829E055C0002C820C /* FeedMediaViewModel.swift in Sources */,
				E84683A02A3ED39600D4FE12 /* ShopFlowController.swift in Sources */,
				A14BF71429BF0DB0001E0F4B /* SpinningLayer.swift in Sources */,
				E86E544829DDBEB0008A3855 /* PostActionCell.swift in Sources */,
				A1A71A1C2999E44400876973 /* LogoView.swift in Sources */,
				E8856CE72A29A995004A5D69 /* MediaPickerCell.swift in Sources */,
				E89CEA072A0C7F37002A4CF1 /* VideoViewModel.swift in Sources */,
				A176AB7529B5CEA4008F4030 /* SettingViewController.swift in Sources */,
				E84A29812A1DF0A400BC94D5 /* VideoPreviewCell.swift in Sources */,
				E81409D22A08A03D00E64826 /* ImageScrollView.swift in Sources */,
				E82A0A2E2A1883200040A7B2 /* VideoSlider.swift in Sources */,
				E822F9F72A359799009F90EF /* TestCompressor.swift in Sources */,
				A14BF71A29C0422E001E0F4B /* SendSMSButton.swift in Sources */,
				A141799C2999CD980097FD21 /* SceneDelegate.swift in Sources */,
				E85ED3B529F422F8008070B9 /* TTViewController.swift in Sources */,
				A10E9CBF29BCD5B500FE55B7 /* SignInButton.swift in Sources */,
				E8856D092A2F14B0004A5D69 /* VIdeoCompressor.swift in Sources */,
				E84A29672A1B19DD00BC94D5 /* PostFeedViewController.swift in Sources */,
				E823AFC52A42A19600DF7172 /* EditAccessoryView.swift in Sources */,
				E81409D02A0898BC00E64826 /* MediaScrollView.swift in Sources */,
				A1E19BD3299CB456000354BE /* UIControl Publisher.swift in Sources */,
				A181B9B129D517E800945ED4 /* VidLoader.swift in Sources */,
				E89CEA282A121B6F002A4CF1 /* PhotoDetailCell.swift in Sources */,
				E80D26E32A573049003CEB95 /* MemberSignInViewModel.swift in Sources */,
				A10E9CC129BDBF2300FE55B7 /* TransitionButton.swift in Sources */,
				A1E19BD1299CABA4000354BE /* UIResponder Extension.swift in Sources */,
				A1A71A122999E3FB00876973 /* LaunchViewController.swift in Sources */,
				E8C1E4822A51C884006E9C10 /* BunnyInfo.swift in Sources */,
				E8556F472A4E98F7008A782F /* BunnyVideoUploader.swift in Sources */,
				E84993B62A42E0AE0009DBD8 /* PhotoPickerInputViewController.swift in Sources */,
				E84A296F2A1C97FD00BC94D5 /* PostMediaCell.swift in Sources */,
				A14BF71E29C1E833001E0F4B /* SettingFlowController.swift in Sources */,
				E89CEA132A0FBE64002A4CF1 /* SlideViewController.swift in Sources */,
				E897538A29E055D9002C820C /* PostHeaderViewModel.swift in Sources */,
				E86E544429DDBDB5008A3855 /* PostTextCell.swift in Sources */,
				A14599B029B5C0A700F4409E /* CountryPickerViewController.swift in Sources */,
				E82A0A272A17BF390040A7B2 /* TODO.swift in Sources */,
				E86B370C2A16FF5700FE2251 /* ShowMoreLabel.swift in Sources */,
				A115B38629AC64DA00EB5A72 /* AuthError.swift in Sources */,
				E8C2347F2A14C86F00133138 /* TextViewController.swift in Sources */,
				E8AD49E32A36EEF700932CBD /* MediaManager.swift in Sources */,
				A115B38329AC32B100EB5A72 /* SettingViewModel.swift in Sources */,
				E89348FC2A22367900F9B73C /* PostReplies.swift in Sources */,
				E84993BB2A4457480009DBD8 /* UICollectionViewLayout extension.swift in Sources */,
				A199DFA529CBF24F0071C568 /* SpinningView.swift in Sources */,
				A1A71A132999E3FB00876973 /* VerificationCodeField.swift in Sources */,
				E84A29732A1C9A9C00BC94D5 /* PhotoPreviewCell.swift in Sources */,
				A14599A429B48F0100F4409E /* PhoneNumberField.swift in Sources */,
				E84993C52A471C1C0009DBD8 /* CustomDashedView.swift in Sources */,
				E897538E29E0562F002C820C /* PostTextViewModel.swift in Sources */,
				E837DB542A4978F7004F4248 /* MediaViewModel.swift in Sources */,
				A14599A629B5015C00F4409E /* Country.swift in Sources */,
				E8556F412A4E6E8E008A782F /* BunnyImageLoader.swift in Sources */,
				A10E9CBD29BCB42000FE55B7 /* AnimatedButton.swift in Sources */,
				E84A296A2A1B2CA200BC94D5 /* FeedViewModel.swift in Sources */,
				E8FC67C22A380CF400104693 /* ImageCompressor.swift in Sources */,
				E89CEA152A0FEA6F002A4CF1 /* AVPlayer Publisher.swift in Sources */,
				E897538C29E055F0002C820C /* PostActionViewModel.swift in Sources */,
				A1FE4643299E453700319CEC /* SignInViewModel.swift in Sources */,
				E89CEA0B2A0DBA8B002A4CF1 /* VideoView.swift in Sources */,
				A176AB7A29B5DFAB008F4030 /* CountryCell.swift in Sources */,
				A175DE5129C3ED3A00A0C092 /* PostFlowController.swift in Sources */,
				A175DE5529C3EE3800A0C092 /* Post.swift in Sources */,
				E81409D92A09DA1000E64826 /* MediaDetailViewController.swift in Sources */,
				A13E2E9429B8DC530039B640 /* UserDefaults Extension.swift in Sources */,
				E83E007F2A49BDD300138E6C /* ShopifyQueries.swift in Sources */,
				E80D26E52A5915C6003CEB95 /* DeepLink.swift in Sources */,
				A1FE4645299E45F000319CEC /* Combine Extension.swift in Sources */,
				E83E007C2A49ABAA00138E6C /* ShopViewController.swift in Sources */,
			);
			runOnlyForDeploymentPostprocessing = 0;
		};
/* End PBXSourcesBuildPhase section */

/* Begin PBXVariantGroup section */
		A14179A42999CDA20097FD21 /* LaunchScreen.storyboard */ = {
			isa = PBXVariantGroup;
			children = (
				A14179A52999CDA20097FD21 /* Base */,
			);
			name = LaunchScreen.storyboard;
			sourceTree = "<group>";
		};
/* End PBXVariantGroup section */

/* Begin XCBuildConfiguration section */
		A14179A82999CDA20097FD21 /* Debug */ = {
			isa = XCBuildConfiguration;
			buildSettings = {
				ALWAYS_SEARCH_USER_PATHS = NO;
				CLANG_ANALYZER_NONNULL = YES;
				CLANG_ANALYZER_NUMBER_OBJECT_CONVERSION = YES_AGGRESSIVE;
				CLANG_CXX_LANGUAGE_STANDARD = "gnu++17";
				CLANG_CXX_LIBRARY = "libc++";
				CLANG_ENABLE_MODULES = YES;
				CLANG_ENABLE_OBJC_ARC = YES;
				CLANG_ENABLE_OBJC_WEAK = YES;
				CLANG_WARN_BLOCK_CAPTURE_AUTORELEASING = YES;
				CLANG_WARN_BOOL_CONVERSION = YES;
				CLANG_WARN_COMMA = YES;
				CLANG_WARN_CONSTANT_CONVERSION = YES;
				CLANG_WARN_DEPRECATED_OBJC_IMPLEMENTATIONS = YES;
				CLANG_WARN_DIRECT_OBJC_ISA_USAGE = YES_ERROR;
				CLANG_WARN_DOCUMENTATION_COMMENTS = YES;
				CLANG_WARN_EMPTY_BODY = YES;
				CLANG_WARN_ENUM_CONVERSION = YES;
				CLANG_WARN_INFINITE_RECURSION = YES;
				CLANG_WARN_INT_CONVERSION = YES;
				CLANG_WARN_NON_LITERAL_NULL_CONVERSION = YES;
				CLANG_WARN_OBJC_IMPLICIT_RETAIN_SELF = YES;
				CLANG_WARN_OBJC_LITERAL_CONVERSION = YES;
				CLANG_WARN_OBJC_ROOT_CLASS = YES_ERROR;
				CLANG_WARN_QUOTED_INCLUDE_IN_FRAMEWORK_HEADER = YES;
				CLANG_WARN_RANGE_LOOP_ANALYSIS = YES;
				CLANG_WARN_STRICT_PROTOTYPES = YES;
				CLANG_WARN_SUSPICIOUS_MOVE = YES;
				CLANG_WARN_UNGUARDED_AVAILABILITY = YES_AGGRESSIVE;
				CLANG_WARN_UNREACHABLE_CODE = YES;
				CLANG_WARN__DUPLICATE_METHOD_MATCH = YES;
				COPY_PHASE_STRIP = NO;
				DEBUG_INFORMATION_FORMAT = dwarf;
				ENABLE_STRICT_OBJC_MSGSEND = YES;
				ENABLE_TESTABILITY = YES;
				GCC_C_LANGUAGE_STANDARD = gnu11;
				GCC_DYNAMIC_NO_PIC = NO;
				GCC_NO_COMMON_BLOCKS = YES;
				GCC_OPTIMIZATION_LEVEL = 0;
				GCC_PREPROCESSOR_DEFINITIONS = (
					"DEBUG=1",
					"$(inherited)",
				);
				GCC_WARN_64_TO_32_BIT_CONVERSION = YES;
				GCC_WARN_ABOUT_RETURN_TYPE = YES_ERROR;
				GCC_WARN_UNDECLARED_SELECTOR = YES;
				GCC_WARN_UNINITIALIZED_AUTOS = YES_AGGRESSIVE;
				GCC_WARN_UNUSED_FUNCTION = YES;
				GCC_WARN_UNUSED_VARIABLE = YES;
				IPHONEOS_DEPLOYMENT_TARGET = 14.0;
				MTL_ENABLE_DEBUG_INFO = INCLUDE_SOURCE;
				MTL_FAST_MATH = YES;
				ONLY_ACTIVE_ARCH = YES;
				SDKROOT = iphoneos;
				SWIFT_ACTIVE_COMPILATION_CONDITIONS = DEBUG;
				SWIFT_OPTIMIZATION_LEVEL = "-Onone";
			};
			name = Debug;
		};
		A14179A92999CDA20097FD21 /* Release */ = {
			isa = XCBuildConfiguration;
			buildSettings = {
				ALWAYS_SEARCH_USER_PATHS = NO;
				CLANG_ANALYZER_NONNULL = YES;
				CLANG_ANALYZER_NUMBER_OBJECT_CONVERSION = YES_AGGRESSIVE;
				CLANG_CXX_LANGUAGE_STANDARD = "gnu++17";
				CLANG_CXX_LIBRARY = "libc++";
				CLANG_ENABLE_MODULES = YES;
				CLANG_ENABLE_OBJC_ARC = YES;
				CLANG_ENABLE_OBJC_WEAK = YES;
				CLANG_WARN_BLOCK_CAPTURE_AUTORELEASING = YES;
				CLANG_WARN_BOOL_CONVERSION = YES;
				CLANG_WARN_COMMA = YES;
				CLANG_WARN_CONSTANT_CONVERSION = YES;
				CLANG_WARN_DEPRECATED_OBJC_IMPLEMENTATIONS = YES;
				CLANG_WARN_DIRECT_OBJC_ISA_USAGE = YES_ERROR;
				CLANG_WARN_DOCUMENTATION_COMMENTS = YES;
				CLANG_WARN_EMPTY_BODY = YES;
				CLANG_WARN_ENUM_CONVERSION = YES;
				CLANG_WARN_INFINITE_RECURSION = YES;
				CLANG_WARN_INT_CONVERSION = YES;
				CLANG_WARN_NON_LITERAL_NULL_CONVERSION = YES;
				CLANG_WARN_OBJC_IMPLICIT_RETAIN_SELF = YES;
				CLANG_WARN_OBJC_LITERAL_CONVERSION = YES;
				CLANG_WARN_OBJC_ROOT_CLASS = YES_ERROR;
				CLANG_WARN_QUOTED_INCLUDE_IN_FRAMEWORK_HEADER = YES;
				CLANG_WARN_RANGE_LOOP_ANALYSIS = YES;
				CLANG_WARN_STRICT_PROTOTYPES = YES;
				CLANG_WARN_SUSPICIOUS_MOVE = YES;
				CLANG_WARN_UNGUARDED_AVAILABILITY = YES_AGGRESSIVE;
				CLANG_WARN_UNREACHABLE_CODE = YES;
				CLANG_WARN__DUPLICATE_METHOD_MATCH = YES;
				COPY_PHASE_STRIP = NO;
				DEBUG_INFORMATION_FORMAT = "dwarf-with-dsym";
				ENABLE_NS_ASSERTIONS = NO;
				ENABLE_STRICT_OBJC_MSGSEND = YES;
				GCC_C_LANGUAGE_STANDARD = gnu11;
				GCC_NO_COMMON_BLOCKS = YES;
				GCC_WARN_64_TO_32_BIT_CONVERSION = YES;
				GCC_WARN_ABOUT_RETURN_TYPE = YES_ERROR;
				GCC_WARN_UNDECLARED_SELECTOR = YES;
				GCC_WARN_UNINITIALIZED_AUTOS = YES_AGGRESSIVE;
				GCC_WARN_UNUSED_FUNCTION = YES;
				GCC_WARN_UNUSED_VARIABLE = YES;
				IPHONEOS_DEPLOYMENT_TARGET = 14.0;
				MTL_ENABLE_DEBUG_INFO = NO;
				MTL_FAST_MATH = YES;
				SDKROOT = iphoneos;
				SWIFT_COMPILATION_MODE = wholemodule;
				SWIFT_OPTIMIZATION_LEVEL = "-O";
				VALIDATE_PRODUCT = YES;
			};
			name = Release;
		};
		A14179AB2999CDA20097FD21 /* Debug */ = {
			isa = XCBuildConfiguration;
			baseConfigurationReference = 9587998018E29B3645BF9A10 /* Pods-Aiba Digital.debug.xcconfig */;
			buildSettings = {
				ASSETCATALOG_COMPILER_APPICON_NAME = AppIcon;
				ASSETCATALOG_COMPILER_GLOBAL_ACCENT_COLOR_NAME = AccentColor;
				CODE_SIGN_ENTITLEMENTS = "Aiba Digital/App/Aiba Digital.entitlements";
				CODE_SIGN_IDENTITY = "Apple Development";
				CODE_SIGN_STYLE = Automatic;
				CURRENT_PROJECT_VERSION = 1;
				DEVELOPMENT_TEAM = ZKX4347K9W;
				GENERATE_INFOPLIST_FILE = YES;
				INFOPLIST_FILE = "Aiba Digital/App/Info.plist";
				INFOPLIST_KEY_CFBundleDisplayName = "艾巴數位";
				INFOPLIST_KEY_NSPhotoLibraryUsageDescription = "上傳照片須開啟相簿權限";
				INFOPLIST_KEY_UIApplicationSupportsIndirectInputEvents = YES;
				INFOPLIST_KEY_UILaunchStoryboardName = LaunchScreen;
				INFOPLIST_KEY_UISupportedInterfaceOrientations = "";
				INFOPLIST_KEY_UISupportedInterfaceOrientations_iPad = "UIInterfaceOrientationPortrait UIInterfaceOrientationPortraitUpsideDown UIInterfaceOrientationLandscapeLeft UIInterfaceOrientationLandscapeRight";
				INFOPLIST_KEY_UISupportedInterfaceOrientations_iPhone = "UIInterfaceOrientationPortrait UIInterfaceOrientationLandscapeLeft UIInterfaceOrientationLandscapeRight";
				IPHONEOS_DEPLOYMENT_TARGET = 14.6;
				LD_RUNPATH_SEARCH_PATHS = (
					"$(inherited)",
					"@executable_path/Frameworks",
				);
				MARKETING_VERSION = 1.0;
				PRODUCT_BUNDLE_IDENTIFIER = com.AibaDigital;
				PRODUCT_NAME = "$(TARGET_NAME)";
				PROVISIONING_PROFILE_SPECIFIER = "";
				SWIFT_EMIT_LOC_STRINGS = YES;
				SWIFT_VERSION = 5.0;
				TARGETED_DEVICE_FAMILY = 1;
			};
			name = Debug;
		};
		A14179AC2999CDA20097FD21 /* Release */ = {
			isa = XCBuildConfiguration;
			baseConfigurationReference = 37FF15B636310FE336FDA9BE /* Pods-Aiba Digital.release.xcconfig */;
			buildSettings = {
				ASSETCATALOG_COMPILER_APPICON_NAME = AppIcon;
				ASSETCATALOG_COMPILER_GLOBAL_ACCENT_COLOR_NAME = AccentColor;
				CODE_SIGN_ENTITLEMENTS = "Aiba Digital/App/Aiba Digital.entitlements";
				CODE_SIGN_IDENTITY = "Apple Development";
				CODE_SIGN_STYLE = Automatic;
				CURRENT_PROJECT_VERSION = 1;
				DEVELOPMENT_TEAM = ZKX4347K9W;
				GCC_OPTIMIZATION_LEVEL = 0;
				GENERATE_INFOPLIST_FILE = YES;
				INFOPLIST_FILE = "Aiba Digital/App/Info.plist";
				INFOPLIST_KEY_CFBundleDisplayName = "艾巴數位";
				INFOPLIST_KEY_NSPhotoLibraryUsageDescription = "上傳照片須開啟相簿權限";
				INFOPLIST_KEY_UIApplicationSupportsIndirectInputEvents = YES;
				INFOPLIST_KEY_UILaunchStoryboardName = LaunchScreen;
				INFOPLIST_KEY_UISupportedInterfaceOrientations = "";
				INFOPLIST_KEY_UISupportedInterfaceOrientations_iPad = "UIInterfaceOrientationPortrait UIInterfaceOrientationPortraitUpsideDown UIInterfaceOrientationLandscapeLeft UIInterfaceOrientationLandscapeRight";
				INFOPLIST_KEY_UISupportedInterfaceOrientations_iPhone = "UIInterfaceOrientationPortrait UIInterfaceOrientationLandscapeLeft UIInterfaceOrientationLandscapeRight";
				IPHONEOS_DEPLOYMENT_TARGET = 14.6;
				LD_RUNPATH_SEARCH_PATHS = (
					"$(inherited)",
					"@executable_path/Frameworks",
				);
				MARKETING_VERSION = 1.0;
				PRODUCT_BUNDLE_IDENTIFIER = com.AibaDigital;
				PRODUCT_NAME = "$(TARGET_NAME)";
				PROVISIONING_PROFILE_SPECIFIER = "";
				SWIFT_EMIT_LOC_STRINGS = YES;
				SWIFT_VERSION = 5.0;
				TARGETED_DEVICE_FAMILY = 1;
			};
			name = Release;
		};
/* End XCBuildConfiguration section */

/* Begin XCConfigurationList section */
		A14179912999CD970097FD21 /* Build configuration list for PBXProject "Aiba Digital" */ = {
			isa = XCConfigurationList;
			buildConfigurations = (
				A14179A82999CDA20097FD21 /* Debug */,
				A14179A92999CDA20097FD21 /* Release */,
			);
			defaultConfigurationIsVisible = 0;
			defaultConfigurationName = Release;
		};
		A14179AA2999CDA20097FD21 /* Build configuration list for PBXNativeTarget "Aiba Digital" */ = {
			isa = XCConfigurationList;
			buildConfigurations = (
				A14179AB2999CDA20097FD21 /* Debug */,
				A14179AC2999CDA20097FD21 /* Release */,
			);
			defaultConfigurationIsVisible = 0;
			defaultConfigurationName = Release;
		};
/* End XCConfigurationList section */
	};
	rootObject = A141798E2999CD970097FD21 /* Project object */;
}
